// !$*UTF8*$!
{
	archiveVersion = 1;
	classes = {
	};
	objectVersion = 46;
	objects = {
/* Begin PBXBuildFile section */
		0207DA581B56EA530066E2B4 /* Images.xcassets in Resources */ = {isa = PBXBuildFile; fileRef = 0207DA571B56EA530066E2B4 /* Images.xcassets */; };
		1D3623260D0F684500981E51 /* AppDelegate.m in Sources */ = {isa = PBXBuildFile; fileRef = 1D3623250D0F684500981E51 /* AppDelegate.m */; };
		1D60589B0D05DD56006BFB54 /* main.m in Sources */ = {isa = PBXBuildFile; fileRef = 29B97316FDCFA39411CA2CEA /* main.m */; };
		301BF552109A68D80062928A /* libCordova.a in Frameworks */ = {isa = PBXBuildFile; fileRef = 301BF535109A57CC0062928A /* libCordova.a */; };
		302D95F114D2391D003F00A1 /* MainViewController.m in Sources */ = {isa = PBXBuildFile; fileRef = 302D95EF14D2391D003F00A1 /* MainViewController.m */; };
		302D95F214D2391D003F00A1 /* MainViewController.xib in Resources */ = {isa = PBXBuildFile; fileRef = 302D95F014D2391D003F00A1 /* MainViewController.xib */; };
		3047A5121AB8059700498E2A /* build-debug.xcconfig in Resources */ = {isa = PBXBuildFile; fileRef = 3047A50F1AB8059700498E2A /* build-debug.xcconfig */; };
		3047A5131AB8059700498E2A /* build-release.xcconfig in Resources */ = {isa = PBXBuildFile; fileRef = 3047A5101AB8059700498E2A /* build-release.xcconfig */; };
		3047A5141AB8059700498E2A /* build.xcconfig in Resources */ = {isa = PBXBuildFile; fileRef = 3047A5111AB8059700498E2A /* build.xcconfig */; };
		6AFF5BF91D6E424B00AB3073 /* CDVLaunchScreen.storyboard in Resources */ = {isa = PBXBuildFile; fileRef = 6AFF5BF81D6E424B00AB3073 /* CDVLaunchScreen.storyboard */; };
		942196321E2E4F48BBF498CD /* UIImage+CropScaleOrientation.m in Sources */ = {isa = PBXBuildFile; fileRef = 060E5CE0FEE94CED98A07AB9 /* UIImage+CropScaleOrientation.m */; };
		E16AC974F93D4F17A5FD1C60 /* CDVCamera.m in Sources */ = {isa = PBXBuildFile; fileRef = E82A506980B7406691A15065 /* CDVCamera.m */; };
		AE6FEF42B8074E5483B41E2D /* CDVJpegHeaderWriter.m in Sources */ = {isa = PBXBuildFile; fileRef = 333D824F160A4B3782690B4F /* CDVJpegHeaderWriter.m */; };
		EA7008A1B0214523BF3D1821 /* ImageIO.framework in Frameworks */ = {isa = PBXBuildFile; fileRef = 18821FE0F1BA43DDBD9C7747 /* ImageIO.framework */; settings = {ATTRIBUTES = (Weak, ); }; };
		9F5393736D164ACEB4552230 /* CoreLocation.framework in Frameworks */ = {isa = PBXBuildFile; fileRef = A2B27182024A4D3C881813FF /* CoreLocation.framework */; };
		DB851899580542D9A02D57C3 /* AVFoundation.framework in Frameworks */ = {isa = PBXBuildFile; fileRef = 14BD661780B84BA7A87D79DB /* AVFoundation.framework */; };
		926429BD919042138734771D /* CDVContacts.m in Sources */ = {isa = PBXBuildFile; fileRef = CF63755EE7B44186862838AD /* CDVContacts.m */; };
		27BD56CD7D14488FB5D98C70 /* CDVContact.m in Sources */ = {isa = PBXBuildFile; fileRef = AC5345E0C25048D9954A7C20 /* CDVContact.m */; };
		E3ED18A0B4A44A4B906A5012 /* AddressBook.framework in Frameworks */ = {isa = PBXBuildFile; fileRef = 7418D3ACB47D4356A464F9B2 /* AddressBook.framework */; settings = {ATTRIBUTES = (Weak, ); }; };
		67C8048F17F645AB8855AC5C /* AddressBookUI.framework in Frameworks */ = {isa = PBXBuildFile; fileRef = 6FEF71B81576471A8BBF0BE5 /* AddressBookUI.framework */; settings = {ATTRIBUTES = (Weak, ); }; };
		965235C830A348D7BB97E805 /* APPEmailComposer.m in Sources */ = {isa = PBXBuildFile; fileRef = 25DBAB00F33D4B8189170757 /* APPEmailComposer.m */; };
		B291E8BDB2E94CEEA7CEA78B /* APPEmailComposerImpl.m in Sources */ = {isa = PBXBuildFile; fileRef = A3F02DAE7E02415A9817DCF9 /* APPEmailComposerImpl.m */; };
		464666709B2B47C9A093C51C /* MessageUI.framework in Frameworks */ = {isa = PBXBuildFile; fileRef = AC67F82256EA4D6DBC962010 /* MessageUI.framework */; };
		8B9ED6ED67B543F29DCD0FBF /* CDVFile.m in Sources */ = {isa = PBXBuildFile; fileRef = C0D3D1CCDCA9423B8E9A4F22 /* CDVFile.m */; };
		C7FAE678A0B84FD8B9003A88 /* CDVLocalFilesystem.m in Sources */ = {isa = PBXBuildFile; fileRef = F50B7611B187425FAB5AAA35 /* CDVLocalFilesystem.m */; };
		0172A0AEF2DB4E9EA29DEEA3 /* CDVAssetLibraryFilesystem.m in Sources */ = {isa = PBXBuildFile; fileRef = 1157AA463F7A4D3E843AF7F4 /* CDVAssetLibraryFilesystem.m */; };
		A28B3E6085A741E6B54BAEF0 /* CDVFileTransfer.m in Sources */ = {isa = PBXBuildFile; fileRef = 91E1E9861292468786B1BD1B /* CDVFileTransfer.m */; };
		7FEDA56D8BE642E9A023D9B5 /* CDVSplashScreen.m in Sources */ = {isa = PBXBuildFile; fileRef = 2B06D9AD2DEC454E91E28A12 /* CDVSplashScreen.m */; };
		124E7148706D49DC9E894DA3 /* CDVViewController+SplashScreen.m in Sources */ = {isa = PBXBuildFile; fileRef = 9DE33BB0C507413C81BE4A2A /* CDVViewController+SplashScreen.m */; };
		D100BF88B8FC43189888C75D /* CDVStatusBar.m in Sources */ = {isa = PBXBuildFile; fileRef = C34F37800DBF4A6990995405 /* CDVStatusBar.m */; };
		61C524AC26D4432788F13D04 /* CDVWechat.m in Sources */ = {isa = PBXBuildFile; fileRef = 9316FAA8ED154B56A970CE17 /* CDVWechat.m */; };
		67589380EDF64BF4A2EB81CB /* libWeChatSDK.a in Frameworks */ = {isa = PBXBuildFile; fileRef = 7B5C6884D3274C8DB88DD158 /* libWeChatSDK.a */; };
		31E6884EA2014B46BA73E1BE /* libz.tbd in Frameworks */ = {isa = PBXBuildFile; fileRef = E821801C803943FA8E467CE9 /* libz.tbd */; };
		9915087ADCC943489B6EF833 /* libsqlite3.0.tbd in Frameworks */ = {isa = PBXBuildFile; fileRef = 24C56F9D9E5A4C6B9C1A2696 /* libsqlite3.0.tbd */; };
		33AA7EC4A0934E69944B02B1 /* CoreTelephony.framework in Frameworks */ = {isa = PBXBuildFile; fileRef = 07D8C58DBF4E4223B3644DB9 /* CoreTelephony.framework */; };
		EFBA9C00E34B4CFBA5DFC1BC /* SystemConfiguration.framework in Frameworks */ = {isa = PBXBuildFile; fileRef = 9393D9A7BA8346FCA71086F4 /* SystemConfiguration.framework */; };
		9DD5379631A14EE3AA694C4C /* Security.framework in Frameworks */ = {isa = PBXBuildFile; fileRef = AD10806679D049C8A33E426D /* Security.framework */; };
		B4BAFAF9FFDC47A2AA249ABA /* CFNetwork.framework in Frameworks */ = {isa = PBXBuildFile; fileRef = 0F360BB4BFA94569870F1CA1 /* CFNetwork.framework */; };
		55BADEE1F59F41EA930D61E6 /* libstdc++.6.tbd in Frameworks */ = {isa = PBXBuildFile; fileRef = C55401EF780C4A55901E8602 /* libstdc++.6.tbd */; };
		8379B91AA8AA45F493A64EC0 /* Sms.m in Sources */ = {isa = PBXBuildFile; fileRef = 4D04187CBE764908AE9589C3 /* Sms.m */; };
		C4981A23A9F541209BD73575 /* CDVBarcodeScanner.mm in Resources */ = {isa = PBXBuildFile; fileRef = 2825E0092DDB4235BF37236B /* CDVBarcodeScanner.mm */; settings = {COMPILER_FLAGS = "-fno-objc-arc"; }; };
		71BEB2A79DFF4812B4DE10A7 /* zxing-all-in-one.cpp in Resources */ = {isa = PBXBuildFile; fileRef = 012DABD28F7744438B0F48AA /* zxing-all-in-one.cpp */; };
		4B5B1BEB3CDB42F9A678C579 /* scannerOverlay.xib in Resources */ = {isa = PBXBuildFile; fileRef = 108F51BF6CA44A5BA4CB2064 /* scannerOverlay.xib */; };
		D3CB31DDA03C4011ACE2566B /* CDVBarcodeScanner.bundle in Resources */ = {isa = PBXBuildFile; fileRef = 0B560A0A9C5F435792E518FB /* CDVBarcodeScanner.bundle */; };
		559786E8675442E893792412 /* libiconv.dylib in Frameworks */ = {isa = PBXBuildFile; fileRef = E3CD092612874C2BA3015B93 /* libiconv.dylib */; };
		A69310F00F1A4F65AE50AA13 /* CoreVideo.framework in Frameworks */ = {isa = PBXBuildFile; fileRef = 8D2B3DC1E071436D997D92CC /* CoreVideo.framework */; };
		5F0837A8FFF14D4FA913DD5E /* QuartzCore.framework in Frameworks */ = {isa = PBXBuildFile; fileRef = 7CCDC1404FCD4188881AA9A8 /* QuartzCore.framework */; };
		5AFB47AF41194CD390D01BC0 /* CoreImage.framework in Frameworks */ = {isa = PBXBuildFile; fileRef = C68FCC498B694AFB825BA3E3 /* CoreImage.framework */; };
		6BB5F97127814C06A705BA4A /* AudioToolbox.framework in Frameworks */ = {isa = PBXBuildFile; fileRef = BC5E78C9CBC049D1B9205244 /* AudioToolbox.framework */; };
/* End PBXBuildFile section */

/* Begin PBXContainerItemProxy section */
		301BF534109A57CC0062928A /* PBXContainerItemProxy */ = {
			isa = PBXContainerItemProxy;
			containerPortal = 301BF52D109A57CC0062928A /* CordovaLib.xcodeproj */;
			proxyType = 2;
			remoteGlobalIDString = D2AAC07E0554694100DB518D;
			remoteInfo = CordovaLib;
		};
		301BF550109A68C00062928A /* PBXContainerItemProxy */ = {
			isa = PBXContainerItemProxy;
			containerPortal = 301BF52D109A57CC0062928A /* CordovaLib.xcodeproj */;
			proxyType = 1;
			remoteGlobalIDString = D2AAC07D0554694100DB518D;
			remoteInfo = CordovaLib;
		};
/* End PBXContainerItemProxy section */

/* Begin PBXFileReference section */
		0207DA571B56EA530066E2B4 /* Images.xcassets */ = {isa = PBXFileReference; lastKnownFileType = folder.assetcatalog; name = Images.xcassets; path = "MoTooling/Images.xcassets"; sourceTree = SOURCE_ROOT; };
		1D3623240D0F684500981E51 /* AppDelegate.h */ = {isa = PBXFileReference; fileEncoding = 4; lastKnownFileType = sourcecode.c.h; path = AppDelegate.h; sourceTree = "<group>"; };
		1D3623250D0F684500981E51 /* AppDelegate.m */ = {isa = PBXFileReference; fileEncoding = 4; lastKnownFileType = sourcecode.c.objc; path = AppDelegate.m; sourceTree = "<group>"; };
		1D6058910D05DD3D006BFB54 /* MoTooling.app */ = {isa = PBXFileReference; explicitFileType = wrapper.application; includeInIndex = 0; path = "MoTooling.app"; sourceTree = BUILT_PRODUCTS_DIR; };
		29B97316FDCFA39411CA2CEA /* main.m */ = {isa = PBXFileReference; fileEncoding = 4; lastKnownFileType = sourcecode.c.objc; path = main.m; sourceTree = "<group>"; };
		301BF52D109A57CC0062928A /* CordovaLib.xcodeproj */ = {isa = PBXFileReference; lastKnownFileType = "wrapper.pb-project"; path = CordovaLib/CordovaLib.xcodeproj; sourceTree = "<group>"; };
		301BF56E109A69640062928A /* www */ = {isa = PBXFileReference; lastKnownFileType = folder; path = www; sourceTree = SOURCE_ROOT; };
		302D95EE14D2391D003F00A1 /* MainViewController.h */ = {isa = PBXFileReference; fileEncoding = 4; lastKnownFileType = sourcecode.c.h; path = MainViewController.h; sourceTree = "<group>"; };
		302D95EF14D2391D003F00A1 /* MainViewController.m */ = {isa = PBXFileReference; fileEncoding = 4; lastKnownFileType = sourcecode.c.objc; path = MainViewController.m; sourceTree = "<group>"; };
		302D95F014D2391D003F00A1 /* MainViewController.xib */ = {isa = PBXFileReference; fileEncoding = 4; lastKnownFileType = file.xib; path = MainViewController.xib; sourceTree = "<group>"; };
		3047A50F1AB8059700498E2A /* build-debug.xcconfig */ = {isa = PBXFileReference; fileEncoding = 4; lastKnownFileType = text.xcconfig; name = "build-debug.xcconfig"; path = cordova/build-debug.xcconfig; sourceTree = SOURCE_ROOT; };
		3047A5101AB8059700498E2A /* build-release.xcconfig */ = {isa = PBXFileReference; fileEncoding = 4; lastKnownFileType = text.xcconfig; name = "build-release.xcconfig"; path = cordova/build-release.xcconfig; sourceTree = SOURCE_ROOT; };
		3047A5111AB8059700498E2A /* build.xcconfig */ = {isa = PBXFileReference; fileEncoding = 4; lastKnownFileType = text.xcconfig; name = build.xcconfig; path = cordova/build.xcconfig; sourceTree = SOURCE_ROOT; };
		32CA4F630368D1EE00C91783 /* MoTooling-Prefix.pch */ = {isa = PBXFileReference; fileEncoding = 4; lastKnownFileType = sourcecode.c.h; path = "MoTooling-Prefix.pch"; sourceTree = "<group>"; };
		6AFF5BF81D6E424B00AB3073 /* CDVLaunchScreen.storyboard */ = {isa = PBXFileReference; fileEncoding = 4; lastKnownFileType = file.storyboard; name = CDVLaunchScreen.storyboard; path = "MoTooling/CDVLaunchScreen.storyboard"; sourceTree = SOURCE_ROOT; };
		8D1107310486CEB800E47090 /* MoTooling-Info.plist */ = {isa = PBXFileReference; fileEncoding = 4; lastKnownFileType = text.plist.xml; name = "MoTooling-Info.plist"; path = "MoTooling/MoTooling-Info.plist"; plistStructureDefinitionIdentifier = "com.apple.xcode.plist.structure-definition.iphone.info-plist"; sourceTree = SOURCE_ROOT; };
		EB87FDF31871DA8E0020F90C /* www */ = {isa = PBXFileReference; lastKnownFileType = folder; name = www; path = ../../www; sourceTree = "<group>"; };
		EB87FDF41871DAF40020F90C /* config.xml */ = {isa = PBXFileReference; lastKnownFileType = text.xml; name = config.xml; path = ../../config.xml; sourceTree = "<group>"; };
		F840E1F0165FE0F500CFE078 /* config.xml */ = {isa = PBXFileReference; lastKnownFileType = text.xml; name = config.xml; path = "MoTooling/config.xml"; sourceTree = "<group>"; };
		ED33DF2A687741AEAF9F8254 /* Bridging-Header.h */ = {isa = PBXFileReference; fileEncoding = 4; lastKnownFileType = sourcecode.c.h; name = "Bridging-Header.h"; path = "Bridging-Header.h"; sourceTree = "<group>"; };
		060E5CE0FEE94CED98A07AB9 /* UIImage+CropScaleOrientation.m */ = {isa = PBXFileReference; name = "UIImage+CropScaleOrientation.m"; path = "cordova-plugin-camera/UIImage+CropScaleOrientation.m"; sourceTree = "<group>"; fileEncoding = 4; lastKnownFileType = sourcecode.c.objc; explicitFileType = undefined; includeInIndex = 0; };
		E82A506980B7406691A15065 /* CDVCamera.m */ = {isa = PBXFileReference; name = "CDVCamera.m"; path = "cordova-plugin-camera/CDVCamera.m"; sourceTree = "<group>"; fileEncoding = 4; lastKnownFileType = sourcecode.c.objc; explicitFileType = undefined; includeInIndex = 0; };
		333D824F160A4B3782690B4F /* CDVJpegHeaderWriter.m */ = {isa = PBXFileReference; name = "CDVJpegHeaderWriter.m"; path = "cordova-plugin-camera/CDVJpegHeaderWriter.m"; sourceTree = "<group>"; fileEncoding = 4; lastKnownFileType = sourcecode.c.objc; explicitFileType = undefined; includeInIndex = 0; };
		B66E2D929E1544779FAD8957 /* UIImage+CropScaleOrientation.h */ = {isa = PBXFileReference; name = "UIImage+CropScaleOrientation.h"; path = "cordova-plugin-camera/UIImage+CropScaleOrientation.h"; sourceTree = "<group>"; fileEncoding = 4; lastKnownFileType = sourcecode.c.h; explicitFileType = undefined; includeInIndex = 0; };
		095388FD6E1A48CDA1002248 /* CDVCamera.h */ = {isa = PBXFileReference; name = "CDVCamera.h"; path = "cordova-plugin-camera/CDVCamera.h"; sourceTree = "<group>"; fileEncoding = 4; lastKnownFileType = sourcecode.c.h; explicitFileType = undefined; includeInIndex = 0; };
		DBD2F4D4721B454A99BC81B3 /* CDVJpegHeaderWriter.h */ = {isa = PBXFileReference; name = "CDVJpegHeaderWriter.h"; path = "cordova-plugin-camera/CDVJpegHeaderWriter.h"; sourceTree = "<group>"; fileEncoding = 4; lastKnownFileType = sourcecode.c.h; explicitFileType = undefined; includeInIndex = 0; };
		09851A5F2467489E8D053680 /* CDVExif.h */ = {isa = PBXFileReference; name = "CDVExif.h"; path = "cordova-plugin-camera/CDVExif.h"; sourceTree = "<group>"; fileEncoding = 4; lastKnownFileType = sourcecode.c.h; explicitFileType = undefined; includeInIndex = 0; };
		18821FE0F1BA43DDBD9C7747 /* ImageIO.framework */ = {isa = PBXFileReference; name = "ImageIO.framework"; path = "System/Library/Frameworks/ImageIO.framework"; sourceTree = SDKROOT; fileEncoding = undefined; lastKnownFileType = wrapper.framework; explicitFileType = undefined; includeInIndex = 0; };
		A2B27182024A4D3C881813FF /* CoreLocation.framework */ = {isa = PBXFileReference; name = "CoreLocation.framework"; path = "System/Library/Frameworks/CoreLocation.framework"; sourceTree = SDKROOT; fileEncoding = undefined; lastKnownFileType = wrapper.framework; explicitFileType = undefined; includeInIndex = 0; };
		14BD661780B84BA7A87D79DB /* AVFoundation.framework */ = {isa = PBXFileReference; name = "AVFoundation.framework"; path = "System/Library/Frameworks/AVFoundation.framework"; sourceTree = SDKROOT; fileEncoding = undefined; lastKnownFileType = wrapper.framework; explicitFileType = undefined; includeInIndex = 0; };
		CF63755EE7B44186862838AD /* CDVContacts.m */ = {isa = PBXFileReference; name = "CDVContacts.m"; path = "cordova-plugin-contacts/CDVContacts.m"; sourceTree = "<group>"; fileEncoding = 4; lastKnownFileType = sourcecode.c.objc; explicitFileType = undefined; includeInIndex = 0; };
		AC5345E0C25048D9954A7C20 /* CDVContact.m */ = {isa = PBXFileReference; name = "CDVContact.m"; path = "cordova-plugin-contacts/CDVContact.m"; sourceTree = "<group>"; fileEncoding = 4; lastKnownFileType = sourcecode.c.objc; explicitFileType = undefined; includeInIndex = 0; };
		B842D82ED17846ADADFE4A08 /* CDVContacts.h */ = {isa = PBXFileReference; name = "CDVContacts.h"; path = "cordova-plugin-contacts/CDVContacts.h"; sourceTree = "<group>"; fileEncoding = 4; lastKnownFileType = sourcecode.c.h; explicitFileType = undefined; includeInIndex = 0; };
		8434157CCCB844608A97DF67 /* CDVContact.h */ = {isa = PBXFileReference; name = "CDVContact.h"; path = "cordova-plugin-contacts/CDVContact.h"; sourceTree = "<group>"; fileEncoding = 4; lastKnownFileType = sourcecode.c.h; explicitFileType = undefined; includeInIndex = 0; };
		7418D3ACB47D4356A464F9B2 /* AddressBook.framework */ = {isa = PBXFileReference; name = "AddressBook.framework"; path = "System/Library/Frameworks/AddressBook.framework"; sourceTree = SDKROOT; fileEncoding = undefined; lastKnownFileType = wrapper.framework; explicitFileType = undefined; includeInIndex = 0; };
		6FEF71B81576471A8BBF0BE5 /* AddressBookUI.framework */ = {isa = PBXFileReference; name = "AddressBookUI.framework"; path = "System/Library/Frameworks/AddressBookUI.framework"; sourceTree = SDKROOT; fileEncoding = undefined; lastKnownFileType = wrapper.framework; explicitFileType = undefined; includeInIndex = 0; };
		25DBAB00F33D4B8189170757 /* APPEmailComposer.m */ = {isa = PBXFileReference; name = "APPEmailComposer.m"; path = "cordova-plugin-email-composer/APPEmailComposer.m"; sourceTree = "<group>"; fileEncoding = 4; lastKnownFileType = sourcecode.c.objc; explicitFileType = undefined; includeInIndex = 0; };
		A3F02DAE7E02415A9817DCF9 /* APPEmailComposerImpl.m */ = {isa = PBXFileReference; name = "APPEmailComposerImpl.m"; path = "cordova-plugin-email-composer/APPEmailComposerImpl.m"; sourceTree = "<group>"; fileEncoding = 4; lastKnownFileType = sourcecode.c.objc; explicitFileType = undefined; includeInIndex = 0; };
		2CF8C2081E1F472AAC31116C /* APPEmailComposer.h */ = {isa = PBXFileReference; name = "APPEmailComposer.h"; path = "cordova-plugin-email-composer/APPEmailComposer.h"; sourceTree = "<group>"; fileEncoding = 4; lastKnownFileType = sourcecode.c.h; explicitFileType = undefined; includeInIndex = 0; };
		CCCEAC959CA84AB3B79E63FC /* APPEmailComposerImpl.h */ = {isa = PBXFileReference; name = "APPEmailComposerImpl.h"; path = "cordova-plugin-email-composer/APPEmailComposerImpl.h"; sourceTree = "<group>"; fileEncoding = 4; lastKnownFileType = sourcecode.c.h; explicitFileType = undefined; includeInIndex = 0; };
		AC67F82256EA4D6DBC962010 /* MessageUI.framework */ = {isa = PBXFileReference; name = "MessageUI.framework"; path = "System/Library/Frameworks/MessageUI.framework"; sourceTree = SDKROOT; fileEncoding = undefined; lastKnownFileType = wrapper.framework; explicitFileType = undefined; includeInIndex = 0; };
		C0D3D1CCDCA9423B8E9A4F22 /* CDVFile.m */ = {isa = PBXFileReference; name = "CDVFile.m"; path = "cordova-plugin-file/CDVFile.m"; sourceTree = "<group>"; fileEncoding = 4; lastKnownFileType = sourcecode.c.objc; explicitFileType = undefined; includeInIndex = 0; };
		F50B7611B187425FAB5AAA35 /* CDVLocalFilesystem.m */ = {isa = PBXFileReference; name = "CDVLocalFilesystem.m"; path = "cordova-plugin-file/CDVLocalFilesystem.m"; sourceTree = "<group>"; fileEncoding = 4; lastKnownFileType = sourcecode.c.objc; explicitFileType = undefined; includeInIndex = 0; };
		1157AA463F7A4D3E843AF7F4 /* CDVAssetLibraryFilesystem.m */ = {isa = PBXFileReference; name = "CDVAssetLibraryFilesystem.m"; path = "cordova-plugin-file/CDVAssetLibraryFilesystem.m"; sourceTree = "<group>"; fileEncoding = 4; lastKnownFileType = sourcecode.c.objc; explicitFileType = undefined; includeInIndex = 0; };
		88CE29D1C3974DE1B2CA90A3 /* CDVFile.h */ = {isa = PBXFileReference; name = "CDVFile.h"; path = "cordova-plugin-file/CDVFile.h"; sourceTree = "<group>"; fileEncoding = 4; lastKnownFileType = sourcecode.c.h; explicitFileType = undefined; includeInIndex = 0; };
		170D83FAAE984292A6AED256 /* CDVLocalFilesystem.h */ = {isa = PBXFileReference; name = "CDVLocalFilesystem.h"; path = "cordova-plugin-file/CDVLocalFilesystem.h"; sourceTree = "<group>"; fileEncoding = 4; lastKnownFileType = sourcecode.c.h; explicitFileType = undefined; includeInIndex = 0; };
		B9239265C27E49F49A52DD5C /* CDVAssetLibraryFilesystem.h */ = {isa = PBXFileReference; name = "CDVAssetLibraryFilesystem.h"; path = "cordova-plugin-file/CDVAssetLibraryFilesystem.h"; sourceTree = "<group>"; fileEncoding = 4; lastKnownFileType = sourcecode.c.h; explicitFileType = undefined; includeInIndex = 0; };
		91E1E9861292468786B1BD1B /* CDVFileTransfer.m */ = {isa = PBXFileReference; name = "CDVFileTransfer.m"; path = "cordova-plugin-file-transfer/CDVFileTransfer.m"; sourceTree = "<group>"; fileEncoding = 4; lastKnownFileType = sourcecode.c.objc; explicitFileType = undefined; includeInIndex = 0; };
		66EA278E021645E398875678 /* CDVFileTransfer.h */ = {isa = PBXFileReference; name = "CDVFileTransfer.h"; path = "cordova-plugin-file-transfer/CDVFileTransfer.h"; sourceTree = "<group>"; fileEncoding = 4; lastKnownFileType = sourcecode.c.h; explicitFileType = undefined; includeInIndex = 0; };
		2B06D9AD2DEC454E91E28A12 /* CDVSplashScreen.m */ = {isa = PBXFileReference; name = "CDVSplashScreen.m"; path = "cordova-plugin-splashscreen/CDVSplashScreen.m"; sourceTree = "<group>"; fileEncoding = 4; lastKnownFileType = sourcecode.c.objc; explicitFileType = undefined; includeInIndex = 0; };
		9DE33BB0C507413C81BE4A2A /* CDVViewController+SplashScreen.m */ = {isa = PBXFileReference; name = "CDVViewController+SplashScreen.m"; path = "cordova-plugin-splashscreen/CDVViewController+SplashScreen.m"; sourceTree = "<group>"; fileEncoding = 4; lastKnownFileType = sourcecode.c.objc; explicitFileType = undefined; includeInIndex = 0; };
		B0ADEF428F6C4D6185C989A8 /* CDVSplashScreen.h */ = {isa = PBXFileReference; name = "CDVSplashScreen.h"; path = "cordova-plugin-splashscreen/CDVSplashScreen.h"; sourceTree = "<group>"; fileEncoding = 4; lastKnownFileType = sourcecode.c.h; explicitFileType = undefined; includeInIndex = 0; };
		BFC82452F6F64F389DAE5AFA /* CDVViewController+SplashScreen.h */ = {isa = PBXFileReference; name = "CDVViewController+SplashScreen.h"; path = "cordova-plugin-splashscreen/CDVViewController+SplashScreen.h"; sourceTree = "<group>"; fileEncoding = 4; lastKnownFileType = sourcecode.c.h; explicitFileType = undefined; includeInIndex = 0; };
		C34F37800DBF4A6990995405 /* CDVStatusBar.m */ = {isa = PBXFileReference; name = "CDVStatusBar.m"; path = "cordova-plugin-statusbar/CDVStatusBar.m"; sourceTree = "<group>"; fileEncoding = 4; lastKnownFileType = sourcecode.c.objc; explicitFileType = undefined; includeInIndex = 0; };
		12876CEB4FDC4E64BD491FF3 /* CDVStatusBar.h */ = {isa = PBXFileReference; name = "CDVStatusBar.h"; path = "cordova-plugin-statusbar/CDVStatusBar.h"; sourceTree = "<group>"; fileEncoding = 4; lastKnownFileType = sourcecode.c.h; explicitFileType = undefined; includeInIndex = 0; };
		9316FAA8ED154B56A970CE17 /* CDVWechat.m */ = {isa = PBXFileReference; name = "CDVWechat.m"; path = "cordova-plugin-wechat/CDVWechat.m"; sourceTree = "<group>"; fileEncoding = 4; lastKnownFileType = sourcecode.c.objc; explicitFileType = undefined; includeInIndex = 0; };
		7B5C6884D3274C8DB88DD158 /* libWeChatSDK.a */ = {isa = PBXFileReference; name = "libWeChatSDK.a"; path = "MoTooling/Plugins/cordova-plugin-wechat/libWeChatSDK.a"; sourceTree = "<group>"; fileEncoding = undefined; lastKnownFileType = archive.ar; explicitFileType = undefined; includeInIndex = 0; };
		5176B7E5C6704BF788B60D48 /* CDVWechat.h */ = {isa = PBXFileReference; name = "CDVWechat.h"; path = "cordova-plugin-wechat/CDVWechat.h"; sourceTree = "<group>"; fileEncoding = 4; lastKnownFileType = sourcecode.c.h; explicitFileType = undefined; includeInIndex = 0; };
		4CF6DF9DF59D43269A3B0F16 /* WXApi.h */ = {isa = PBXFileReference; name = "WXApi.h"; path = "cordova-plugin-wechat/WXApi.h"; sourceTree = "<group>"; fileEncoding = 4; lastKnownFileType = sourcecode.c.h; explicitFileType = undefined; includeInIndex = 0; };
		AFB686340C2543E196C61EF8 /* WXApiObject.h */ = {isa = PBXFileReference; name = "WXApiObject.h"; path = "cordova-plugin-wechat/WXApiObject.h"; sourceTree = "<group>"; fileEncoding = 4; lastKnownFileType = sourcecode.c.h; explicitFileType = undefined; includeInIndex = 0; };
		E821801C803943FA8E467CE9 /* libz.tbd */ = {isa = PBXFileReference; name = "libz.tbd"; path = "usr/lib/libz.tbd"; sourceTree = SDKROOT; fileEncoding = undefined; lastKnownFileType = sourcecode.text-based-dylib-definition; explicitFileType = undefined; includeInIndex = 0; };
		24C56F9D9E5A4C6B9C1A2696 /* libsqlite3.0.tbd */ = {isa = PBXFileReference; name = "libsqlite3.0.tbd"; path = "usr/lib/libsqlite3.0.tbd"; sourceTree = SDKROOT; fileEncoding = undefined; lastKnownFileType = sourcecode.text-based-dylib-definition; explicitFileType = undefined; includeInIndex = 0; };
		07D8C58DBF4E4223B3644DB9 /* CoreTelephony.framework */ = {isa = PBXFileReference; name = "CoreTelephony.framework"; path = "System/Library/Frameworks/CoreTelephony.framework"; sourceTree = SDKROOT; fileEncoding = undefined; lastKnownFileType = wrapper.framework; explicitFileType = undefined; includeInIndex = 0; };
		9393D9A7BA8346FCA71086F4 /* SystemConfiguration.framework */ = {isa = PBXFileReference; name = "SystemConfiguration.framework"; path = "System/Library/Frameworks/SystemConfiguration.framework"; sourceTree = SDKROOT; fileEncoding = undefined; lastKnownFileType = wrapper.framework; explicitFileType = undefined; includeInIndex = 0; };
		AD10806679D049C8A33E426D /* Security.framework */ = {isa = PBXFileReference; name = "Security.framework"; path = "System/Library/Frameworks/Security.framework"; sourceTree = SDKROOT; fileEncoding = undefined; lastKnownFileType = wrapper.framework; explicitFileType = undefined; includeInIndex = 0; };
		0F360BB4BFA94569870F1CA1 /* CFNetwork.framework */ = {isa = PBXFileReference; name = "CFNetwork.framework"; path = "System/Library/Frameworks/CFNetwork.framework"; sourceTree = SDKROOT; fileEncoding = undefined; lastKnownFileType = wrapper.framework; explicitFileType = undefined; includeInIndex = 0; };
		C55401EF780C4A55901E8602 /* libstdc++.6.tbd */ = {isa = PBXFileReference; name = "libstdc++.6.tbd"; path = "usr/lib/libstdc++.6.tbd"; sourceTree = SDKROOT; fileEncoding = undefined; lastKnownFileType = sourcecode.text-based-dylib-definition; explicitFileType = undefined; includeInIndex = 0; };
		4D04187CBE764908AE9589C3 /* Sms.m */ = {isa = PBXFileReference; name = "Sms.m"; path = "cordova-sms-plugin/Sms.m"; sourceTree = "<group>"; fileEncoding = 4; lastKnownFileType = sourcecode.c.objc; explicitFileType = undefined; includeInIndex = 0; };
		8FBF53186952492499D79969 /* Sms.h */ = {isa = PBXFileReference; name = "Sms.h"; path = "cordova-sms-plugin/Sms.h"; sourceTree = "<group>"; fileEncoding = 4; lastKnownFileType = sourcecode.c.h; explicitFileType = undefined; includeInIndex = 0; };
		2825E0092DDB4235BF37236B /* CDVBarcodeScanner.mm */ = {isa = PBXFileReference; name = "CDVBarcodeScanner.mm"; path = "phonegap-plugin-barcodescanner/CDVBarcodeScanner.mm"; sourceTree = "<group>"; fileEncoding = undefined; lastKnownFileType = unknown; explicitFileType = undefined; includeInIndex = 0; };
		012DABD28F7744438B0F48AA /* zxing-all-in-one.cpp */ = {isa = PBXFileReference; name = "zxing-all-in-one.cpp"; path = "phonegap-plugin-barcodescanner/zxing-all-in-one.cpp"; sourceTree = "<group>"; fileEncoding = undefined; lastKnownFileType = unknown; explicitFileType = undefined; includeInIndex = 0; };
		5B94750DA7E74E97BDFA9695 /* zxing-all-in-one.h */ = {isa = PBXFileReference; name = "zxing-all-in-one.h"; path = "phonegap-plugin-barcodescanner/zxing-all-in-one.h"; sourceTree = "<group>"; fileEncoding = 4; lastKnownFileType = sourcecode.c.h; explicitFileType = undefined; includeInIndex = 0; };
		108F51BF6CA44A5BA4CB2064 /* scannerOverlay.xib */ = {isa = PBXFileReference; name = "scannerOverlay.xib"; path = "scannerOverlay.xib"; sourceTree = "<group>"; fileEncoding = undefined; lastKnownFileType = file.xib; explicitFileType = undefined; includeInIndex = 0; };
		0B560A0A9C5F435792E518FB /* CDVBarcodeScanner.bundle */ = {isa = PBXFileReference; name = "CDVBarcodeScanner.bundle"; path = "CDVBarcodeScanner.bundle"; sourceTree = "<group>"; fileEncoding = undefined; lastKnownFileType = wrapper.plug-in; explicitFileType = undefined; includeInIndex = 0; };
		E3CD092612874C2BA3015B93 /* libiconv.dylib */ = {isa = PBXFileReference; name = "libiconv.dylib"; path = "usr/lib/libiconv.dylib"; sourceTree = SDKROOT; fileEncoding = undefined; lastKnownFileType = compiled.mach-o.dylib; explicitFileType = undefined; includeInIndex = 0; };
		8D2B3DC1E071436D997D92CC /* CoreVideo.framework */ = {isa = PBXFileReference; name = "CoreVideo.framework"; path = "System/Library/Frameworks/CoreVideo.framework"; sourceTree = SDKROOT; fileEncoding = undefined; lastKnownFileType = wrapper.framework; explicitFileType = undefined; includeInIndex = 0; };
		7CCDC1404FCD4188881AA9A8 /* QuartzCore.framework */ = {isa = PBXFileReference; name = "QuartzCore.framework"; path = "System/Library/Frameworks/QuartzCore.framework"; sourceTree = SDKROOT; fileEncoding = undefined; lastKnownFileType = wrapper.framework; explicitFileType = undefined; includeInIndex = 0; };
		C68FCC498B694AFB825BA3E3 /* CoreImage.framework */ = {isa = PBXFileReference; name = "CoreImage.framework"; path = "System/Library/Frameworks/CoreImage.framework"; sourceTree = SDKROOT; fileEncoding = undefined; lastKnownFileType = wrapper.framework; explicitFileType = undefined; includeInIndex = 0; };
		BC5E78C9CBC049D1B9205244 /* AudioToolbox.framework */ = {isa = PBXFileReference; name = "AudioToolbox.framework"; path = "System/Library/Frameworks/AudioToolbox.framework"; sourceTree = SDKROOT; fileEncoding = undefined; lastKnownFileType = wrapper.framework; explicitFileType = undefined; includeInIndex = 0; };
/* End PBXFileReference section */

/* Begin PBXFrameworksBuildPhase section */
		1D60588F0D05DD3D006BFB54 /* Frameworks */ = {
			isa = PBXFrameworksBuildPhase;
			buildActionMask = 2147483647;
			files = (
				301BF552109A68D80062928A /* libCordova.a in Frameworks */,
				EA7008A1B0214523BF3D1821 /* ImageIO.framework in Frameworks */,
				9F5393736D164ACEB4552230 /* CoreLocation.framework in Frameworks */,
				DB851899580542D9A02D57C3 /* AVFoundation.framework in Frameworks */,
				E3ED18A0B4A44A4B906A5012 /* AddressBook.framework in Frameworks */,
				67C8048F17F645AB8855AC5C /* AddressBookUI.framework in Frameworks */,
				464666709B2B47C9A093C51C /* MessageUI.framework in Frameworks */,
				67589380EDF64BF4A2EB81CB /* libWeChatSDK.a in Frameworks */,
				31E6884EA2014B46BA73E1BE /* libz.tbd in Frameworks */,
				9915087ADCC943489B6EF833 /* libsqlite3.0.tbd in Frameworks */,
				33AA7EC4A0934E69944B02B1 /* CoreTelephony.framework in Frameworks */,
				EFBA9C00E34B4CFBA5DFC1BC /* SystemConfiguration.framework in Frameworks */,
				9DD5379631A14EE3AA694C4C /* Security.framework in Frameworks */,
				B4BAFAF9FFDC47A2AA249ABA /* CFNetwork.framework in Frameworks */,
				55BADEE1F59F41EA930D61E6 /* libstdc++.6.tbd in Frameworks */,
				559786E8675442E893792412 /* libiconv.dylib in Frameworks */,
				A69310F00F1A4F65AE50AA13 /* CoreVideo.framework in Frameworks */,
				5F0837A8FFF14D4FA913DD5E /* QuartzCore.framework in Frameworks */,
				5AFB47AF41194CD390D01BC0 /* CoreImage.framework in Frameworks */,
				6BB5F97127814C06A705BA4A /* AudioToolbox.framework in Frameworks */,
			);
			runOnlyForDeploymentPostprocessing = 0;
		};
/* End PBXFrameworksBuildPhase section */

/* Begin PBXGroup section */
		080E96DDFE201D6D7F000001 /* Classes */ = {
			isa = PBXGroup;
			children = (
				302D95EE14D2391D003F00A1 /* MainViewController.h */,
				302D95EF14D2391D003F00A1 /* MainViewController.m */,
				302D95F014D2391D003F00A1 /* MainViewController.xib */,
				1D3623240D0F684500981E51 /* AppDelegate.h */,
				1D3623250D0F684500981E51 /* AppDelegate.m */,
			);
			name = Classes;
			path = "MoTooling/Classes";
			sourceTree = SOURCE_ROOT;
		};
		19C28FACFE9D520D11CA2CBB /* Products */ = {
			isa = PBXGroup;
			children = (
				1D6058910D05DD3D006BFB54 /* MoTooling.app */,
			);
			name = Products;
			sourceTree = "<group>";
		};
		29B97314FDCFA39411CA2CEA /* CustomTemplate */ = {
			isa = PBXGroup;
			children = (
				EB87FDF41871DAF40020F90C /* config.xml */,
				EB87FDF31871DA8E0020F90C /* www */,
				EB87FDF11871DA420020F90C /* Staging */,
				301BF52D109A57CC0062928A /* CordovaLib.xcodeproj */,
				080E96DDFE201D6D7F000001 /* Classes */,
				307C750510C5A3420062BCA9 /* Plugins */,
				29B97315FDCFA39411CA2CEA /* Other Sources */,
				29B97317FDCFA39411CA2CEA /* Resources */,
				29B97323FDCFA39411CA2CEA /* Frameworks */,
				19C28FACFE9D520D11CA2CBB /* Products */,
			);
			name = CustomTemplate;
			sourceTree = "<group>";
		};
		29B97315FDCFA39411CA2CEA /* Other Sources */ = {
			isa = PBXGroup;
			children = (
				32CA4F630368D1EE00C91783 /* MoTooling-Prefix.pch */,
				29B97316FDCFA39411CA2CEA /* main.m */,
				ED33DF2A687741AEAF9F8254 /* Bridging-Header.h */,
			);
			name = "Other Sources";
			path = "MoTooling";
			sourceTree = "<group>";
		};
		29B97317FDCFA39411CA2CEA /* Resources */ = {
			isa = PBXGroup;
			children = (
				0207DA571B56EA530066E2B4 /* Images.xcassets */,
				3047A50E1AB8057F00498E2A /* config */,
				8D1107310486CEB800E47090 /* MoTooling-Info.plist */,
				6AFF5BF81D6E424B00AB3073 /* CDVLaunchScreen.storyboard */,
				108F51BF6CA44A5BA4CB2064 /* scannerOverlay.xib */,
				0B560A0A9C5F435792E518FB /* CDVBarcodeScanner.bundle */,
			);
			name = Resources;
			path = "MoTooling/Resources";
			sourceTree = "<group>";
		};
		29B97323FDCFA39411CA2CEA /* Frameworks */ = {
			isa = PBXGroup;
			children = (
				18821FE0F1BA43DDBD9C7747 /* ImageIO.framework */,
				A2B27182024A4D3C881813FF /* CoreLocation.framework */,
				14BD661780B84BA7A87D79DB /* AVFoundation.framework */,
				7418D3ACB47D4356A464F9B2 /* AddressBook.framework */,
				6FEF71B81576471A8BBF0BE5 /* AddressBookUI.framework */,
				AC67F82256EA4D6DBC962010 /* MessageUI.framework */,
				7B5C6884D3274C8DB88DD158 /* libWeChatSDK.a */,
				E821801C803943FA8E467CE9 /* libz.tbd */,
				24C56F9D9E5A4C6B9C1A2696 /* libsqlite3.0.tbd */,
				07D8C58DBF4E4223B3644DB9 /* CoreTelephony.framework */,
				9393D9A7BA8346FCA71086F4 /* SystemConfiguration.framework */,
				AD10806679D049C8A33E426D /* Security.framework */,
				0F360BB4BFA94569870F1CA1 /* CFNetwork.framework */,
				C55401EF780C4A55901E8602 /* libstdc++.6.tbd */,
				E3CD092612874C2BA3015B93 /* libiconv.dylib */,
				8D2B3DC1E071436D997D92CC /* CoreVideo.framework */,
				7CCDC1404FCD4188881AA9A8 /* QuartzCore.framework */,
				C68FCC498B694AFB825BA3E3 /* CoreImage.framework */,
				BC5E78C9CBC049D1B9205244 /* AudioToolbox.framework */,
			);
			name = Frameworks;
			sourceTree = "<group>";
		};
		301BF52E109A57CC0062928A /* Products */ = {
			isa = PBXGroup;
			children = (
				301BF535109A57CC0062928A /* libCordova.a */,
			);
			name = Products;
			sourceTree = "<group>";
		};
		3047A50E1AB8057F00498E2A /* config */ = {
			isa = PBXGroup;
			children = (
				3047A50F1AB8059700498E2A /* build-debug.xcconfig */,
				3047A5101AB8059700498E2A /* build-release.xcconfig */,
				3047A5111AB8059700498E2A /* build.xcconfig */,
			);
			name = config;
			sourceTree = "<group>";
		};
		307C750510C5A3420062BCA9 /* Plugins */ = {
			isa = PBXGroup;
			children = (
				060E5CE0FEE94CED98A07AB9 /* UIImage+CropScaleOrientation.m */,
				E82A506980B7406691A15065 /* CDVCamera.m */,
				333D824F160A4B3782690B4F /* CDVJpegHeaderWriter.m */,
				B66E2D929E1544779FAD8957 /* UIImage+CropScaleOrientation.h */,
				095388FD6E1A48CDA1002248 /* CDVCamera.h */,
				DBD2F4D4721B454A99BC81B3 /* CDVJpegHeaderWriter.h */,
				09851A5F2467489E8D053680 /* CDVExif.h */,
				CF63755EE7B44186862838AD /* CDVContacts.m */,
				AC5345E0C25048D9954A7C20 /* CDVContact.m */,
				B842D82ED17846ADADFE4A08 /* CDVContacts.h */,
				8434157CCCB844608A97DF67 /* CDVContact.h */,
				25DBAB00F33D4B8189170757 /* APPEmailComposer.m */,
				A3F02DAE7E02415A9817DCF9 /* APPEmailComposerImpl.m */,
				2CF8C2081E1F472AAC31116C /* APPEmailComposer.h */,
				CCCEAC959CA84AB3B79E63FC /* APPEmailComposerImpl.h */,
				C0D3D1CCDCA9423B8E9A4F22 /* CDVFile.m */,
				F50B7611B187425FAB5AAA35 /* CDVLocalFilesystem.m */,
				1157AA463F7A4D3E843AF7F4 /* CDVAssetLibraryFilesystem.m */,
				88CE29D1C3974DE1B2CA90A3 /* CDVFile.h */,
				170D83FAAE984292A6AED256 /* CDVLocalFilesystem.h */,
				B9239265C27E49F49A52DD5C /* CDVAssetLibraryFilesystem.h */,
				91E1E9861292468786B1BD1B /* CDVFileTransfer.m */,
				66EA278E021645E398875678 /* CDVFileTransfer.h */,
				2B06D9AD2DEC454E91E28A12 /* CDVSplashScreen.m */,
				9DE33BB0C507413C81BE4A2A /* CDVViewController+SplashScreen.m */,
				B0ADEF428F6C4D6185C989A8 /* CDVSplashScreen.h */,
				BFC82452F6F64F389DAE5AFA /* CDVViewController+SplashScreen.h */,
				C34F37800DBF4A6990995405 /* CDVStatusBar.m */,
				12876CEB4FDC4E64BD491FF3 /* CDVStatusBar.h */,
				9316FAA8ED154B56A970CE17 /* CDVWechat.m */,
				5176B7E5C6704BF788B60D48 /* CDVWechat.h */,
				4CF6DF9DF59D43269A3B0F16 /* WXApi.h */,
				AFB686340C2543E196C61EF8 /* WXApiObject.h */,
				4D04187CBE764908AE9589C3 /* Sms.m */,
				8FBF53186952492499D79969 /* Sms.h */,
				2825E0092DDB4235BF37236B /* CDVBarcodeScanner.mm */,
				012DABD28F7744438B0F48AA /* zxing-all-in-one.cpp */,
				5B94750DA7E74E97BDFA9695 /* zxing-all-in-one.h */,
			);
			name = Plugins;
			path = "MoTooling/Plugins";
			sourceTree = SOURCE_ROOT;
		};
		EB87FDF11871DA420020F90C /* Staging */ = {
			isa = PBXGroup;
			children = (
				F840E1F0165FE0F500CFE078 /* config.xml */,
				301BF56E109A69640062928A /* www */,
			);
			name = Staging;
			sourceTree = "<group>";
		};
/* End PBXGroup section */

/* Begin PBXNativeTarget section */
		1D6058900D05DD3D006BFB54 /* MoTooling */ = {
			isa = PBXNativeTarget;
			buildConfigurationList = 1D6058960D05DD3E006BFB54 /* Build configuration list for PBXNativeTarget "MoTooling" */;
			buildPhases = (
				304B58A110DAC018002A0835 /* Copy www directory */,
				1D60588D0D05DD3D006BFB54 /* Resources */,
				1D60588E0D05DD3D006BFB54 /* Sources */,
				1D60588F0D05DD3D006BFB54 /* Frameworks */,
			);
			buildRules = (
			);
			dependencies = (
				301BF551109A68C00062928A /* PBXTargetDependency */,
			);
			name = "MoTooling";
			productName = "MoTooling";
			productReference = 1D6058910D05DD3D006BFB54 /* MoTooling.app */;
			productType = "com.apple.product-type.application";
		};
/* End PBXNativeTarget section */

/* Begin PBXProject section */
		29B97313FDCFA39411CA2CEA /* Project object */ = {
			isa = PBXProject;
			attributes = {
				LastUpgradeCheck = 510;
			};
			buildConfigurationList = C01FCF4E08A954540054247B /* Build configuration list for PBXProject "__NON-CLI__" */;
			compatibilityVersion = "Xcode 3.2";
			developmentRegion = English;
			hasScannedForEncodings = 1;
			mainGroup = 29B97314FDCFA39411CA2CEA /* CustomTemplate */;
			projectDirPath = "";
			projectReferences = (
				{
					ProductGroup = 301BF52E109A57CC0062928A /* Products */;
					ProjectRef = 301BF52D109A57CC0062928A /* CordovaLib.xcodeproj */;
				},
			);
			projectRoot = "";
			targets = (
				1D6058900D05DD3D006BFB54 /* MoTooling */,
			);
		};
/* End PBXProject section */

/* Begin PBXReferenceProxy section */
		301BF535109A57CC0062928A /* libCordova.a */ = {
			isa = PBXReferenceProxy;
			fileType = archive.ar;
			path = libCordova.a;
			remoteRef = 301BF534109A57CC0062928A /* PBXContainerItemProxy */;
			sourceTree = BUILT_PRODUCTS_DIR;
		};
/* End PBXReferenceProxy section */

/* Begin PBXResourcesBuildPhase section */
		1D60588D0D05DD3D006BFB54 /* Resources */ = {
			isa = PBXResourcesBuildPhase;
			buildActionMask = 2147483647;
			files = (
				302D95F214D2391D003F00A1 /* MainViewController.xib in Resources */,
				0207DA581B56EA530066E2B4 /* Images.xcassets in Resources */,
				6AFF5BF91D6E424B00AB3073 /* CDVLaunchScreen.storyboard in Resources */,
				4B5B1BEB3CDB42F9A678C579 /* scannerOverlay.xib in Resources */,
				D3CB31DDA03C4011ACE2566B /* CDVBarcodeScanner.bundle in Resources */,
			);
			runOnlyForDeploymentPostprocessing = 0;
		};
/* End PBXResourcesBuildPhase section */

/* Begin PBXShellScriptBuildPhase section */
		304B58A110DAC018002A0835 /* Copy www directory */ = {
			isa = PBXShellScriptBuildPhase;
			buildActionMask = 2147483647;
			files = (
			);
			inputPaths = (
			);
			name = "Copy www directory";
			outputPaths = (
			);
			runOnlyForDeploymentPostprocessing = 0;
			shellPath = /bin/sh;
			shellScript = "NODEJS_PATH=/usr/local/bin; NVM_NODE_PATH=~/.nvm/versions/node/`nvm version 2>/dev/null`/bin; N_NODE_PATH=`find /usr/local/n/versions/node/* -maxdepth 0 -type d 2>/dev/null | tail -1`/bin; XCODE_NODE_PATH=`xcode-select --print-path`/usr/share/xcs/Node/bin; PATH=$NODEJS_PATH:$NVM_NODE_PATH:$N_NODE_PATH:$XCODE_NODE_PATH:$PATH && node cordova/lib/copy-www-build-step.js";
			showEnvVarsInLog = 0;
		};
/* End PBXShellScriptBuildPhase section */

/* Begin PBXSourcesBuildPhase section */
		1D60588E0D05DD3D006BFB54 /* Sources */ = {
			isa = PBXSourcesBuildPhase;
			buildActionMask = 2147483647;
			files = (
				1D60589B0D05DD56006BFB54 /* main.m in Sources */,
				1D3623260D0F684500981E51 /* AppDelegate.m in Sources */,
				302D95F114D2391D003F00A1 /* MainViewController.m in Sources */,
				942196321E2E4F48BBF498CD /* UIImage+CropScaleOrientation.m in Sources */,
				E16AC974F93D4F17A5FD1C60 /* CDVCamera.m in Sources */,
				AE6FEF42B8074E5483B41E2D /* CDVJpegHeaderWriter.m in Sources */,
				926429BD919042138734771D /* CDVContacts.m in Sources */,
				27BD56CD7D14488FB5D98C70 /* CDVContact.m in Sources */,
				965235C830A348D7BB97E805 /* APPEmailComposer.m in Sources */,
				B291E8BDB2E94CEEA7CEA78B /* APPEmailComposerImpl.m in Sources */,
				8B9ED6ED67B543F29DCD0FBF /* CDVFile.m in Sources */,
				C7FAE678A0B84FD8B9003A88 /* CDVLocalFilesystem.m in Sources */,
				0172A0AEF2DB4E9EA29DEEA3 /* CDVAssetLibraryFilesystem.m in Sources */,
				A28B3E6085A741E6B54BAEF0 /* CDVFileTransfer.m in Sources */,
				7FEDA56D8BE642E9A023D9B5 /* CDVSplashScreen.m in Sources */,
				124E7148706D49DC9E894DA3 /* CDVViewController+SplashScreen.m in Sources */,
				D100BF88B8FC43189888C75D /* CDVStatusBar.m in Sources */,
				61C524AC26D4432788F13D04 /* CDVWechat.m in Sources */,
				8379B91AA8AA45F493A64EC0 /* Sms.m in Sources */,
				C4981A23A9F541209BD73575 /* CDVBarcodeScanner.mm in Resources */,
				71BEB2A79DFF4812B4DE10A7 /* zxing-all-in-one.cpp in Resources */,
			);
			runOnlyForDeploymentPostprocessing = 0;
		};
/* End PBXSourcesBuildPhase section */

/* Begin PBXTargetDependency section */
		301BF551109A68C00062928A /* PBXTargetDependency */ = {
			isa = PBXTargetDependency;
			name = CordovaLib;
			targetProxy = 301BF550109A68C00062928A /* PBXContainerItemProxy */;
		};
/* End PBXTargetDependency section */

/* Begin XCBuildConfiguration section */
		1D6058940D05DD3E006BFB54 /* Debug */ = {
			isa = XCBuildConfiguration;
			baseConfigurationReference = 3047A50F1AB8059700498E2A /* build-debug.xcconfig */;
			buildSettings = {
				ALWAYS_SEARCH_USER_PATHS = NO;
				ASSETCATALOG_COMPILER_APPICON_NAME = AppIcon;
				ASSETCATALOG_COMPILER_LAUNCHIMAGE_NAME = LaunchImage;
				CLANG_ENABLE_MODULES = YES;
				CLANG_ENABLE_OBJC_ARC = YES;
				COPY_PHASE_STRIP = NO;
				GCC_DYNAMIC_NO_PIC = NO;
				GCC_OPTIMIZATION_LEVEL = 0;
				GCC_PRECOMPILE_PREFIX_HEADER = YES;
				GCC_PREFIX_HEADER = "MoTooling/MoTooling-Prefix.pch";
				GCC_THUMB_SUPPORT = NO;
				GCC_VERSION = "";
				INFOPLIST_FILE = "MoTooling/MoTooling-Info.plist";
				IPHONEOS_DEPLOYMENT_TARGET = 9.0;
				LD_RUNPATH_SEARCH_PATHS = "@executable_path/Frameworks";
				TARGETED_DEVICE_FAMILY = "1,2";
				PRODUCT_NAME = "MoTooling";
				LIBRARY_SEARCH_PATHS = (
					"$(inherited)",
					"\"$(SRCROOT)/MoTooling/Plugins/cordova-plugin-wechat\"",
				);
			};
			name = Debug;
		};
		1D6058950D05DD3E006BFB54 /* Release */ = {
			isa = XCBuildConfiguration;
			baseConfigurationReference = 3047A5101AB8059700498E2A /* build-release.xcconfig */;
			buildSettings = {
				ALWAYS_SEARCH_USER_PATHS = NO;
				ASSETCATALOG_COMPILER_APPICON_NAME = AppIcon;
				ASSETCATALOG_COMPILER_LAUNCHIMAGE_NAME = LaunchImage;
				CLANG_ENABLE_MODULES = YES;
				CLANG_ENABLE_OBJC_ARC = YES;
				COPY_PHASE_STRIP = YES;
				GCC_PRECOMPILE_PREFIX_HEADER = YES;
				GCC_PREFIX_HEADER = "MoTooling/MoTooling-Prefix.pch";
				GCC_THUMB_SUPPORT = NO;
				GCC_VERSION = "";
				INFOPLIST_FILE = "MoTooling/MoTooling-Info.plist";
				IPHONEOS_DEPLOYMENT_TARGET = 9.0;
				LD_RUNPATH_SEARCH_PATHS = "@executable_path/Frameworks";
				TARGETED_DEVICE_FAMILY = "1,2";
				PRODUCT_NAME = "MoTooling";
				LIBRARY_SEARCH_PATHS = (
					"$(inherited)",
					"\"$(SRCROOT)/MoTooling/Plugins/cordova-plugin-wechat\"",
				);
			};
			name = Release;
		};
		C01FCF4F08A954540054247B /* Debug */ = {
			isa = XCBuildConfiguration;
			baseConfigurationReference = 3047A5111AB8059700498E2A /* build.xcconfig */;
			buildSettings = {
				CLANG_ENABLE_MODULES = YES;
				CLANG_ENABLE_OBJC_ARC = YES;
				CLANG_WARN_BOOL_CONVERSION = YES;
				CLANG_WARN_CONSTANT_CONVERSION = YES;
				CLANG_WARN_EMPTY_BODY = YES;
				CLANG_WARN_ENUM_CONVERSION = YES;
				CLANG_WARN_INT_CONVERSION = YES;
				CLANG_WARN__DUPLICATE_METHOD_MATCH = YES;
				GCC_C_LANGUAGE_STANDARD = c99;
				GCC_THUMB_SUPPORT = NO;
				GCC_VERSION = "";
				GCC_WARN_ABOUT_RETURN_TYPE = YES;
				GCC_WARN_UNDECLARED_SELECTOR = YES;
				GCC_WARN_UNINITIALIZED_AUTOS = YES;
				GCC_WARN_UNUSED_FUNCTION = YES;
				GCC_WARN_UNUSED_VARIABLE = YES;
				ONLY_ACTIVE_ARCH = YES;
				SDKROOT = iphoneos;
				SKIP_INSTALL = NO;
				ASSETCATALOG_COMPILER_LAUNCHIMAGE_NAME = LaunchImage;
			};
			name = Debug;
		};
		C01FCF5008A954540054247B /* Release */ = {
			isa = XCBuildConfiguration;
			baseConfigurationReference = 3047A5111AB8059700498E2A /* build.xcconfig */;
			buildSettings = {
				CLANG_ENABLE_MODULES = YES;
				CLANG_ENABLE_OBJC_ARC = YES;
				CLANG_WARN_BOOL_CONVERSION = YES;
				CLANG_WARN_CONSTANT_CONVERSION = YES;
				CLANG_WARN_EMPTY_BODY = YES;
				CLANG_WARN_ENUM_CONVERSION = YES;
				CLANG_WARN_INT_CONVERSION = YES;
				CLANG_WARN__DUPLICATE_METHOD_MATCH = YES;
				GCC_C_LANGUAGE_STANDARD = c99;
				GCC_THUMB_SUPPORT = NO;
				GCC_VERSION = "";
				GCC_WARN_ABOUT_RETURN_TYPE = YES;
				GCC_WARN_UNDECLARED_SELECTOR = YES;
				GCC_WARN_UNINITIALIZED_AUTOS = YES;
				GCC_WARN_UNUSED_FUNCTION = YES;
				GCC_WARN_UNUSED_VARIABLE = YES;
				SDKROOT = iphoneos;
				SKIP_INSTALL = NO;
				ASSETCATALOG_COMPILER_LAUNCHIMAGE_NAME = LaunchImage;
			};
			name = Release;
		};
/* End XCBuildConfiguration section */

/* Begin XCConfigurationList section */
		1D6058960D05DD3E006BFB54 /* Build configuration list for PBXNativeTarget "MoTooling" */ = {
			isa = XCConfigurationList;
			buildConfigurations = (
				1D6058940D05DD3E006BFB54 /* Debug */,
				1D6058950D05DD3E006BFB54 /* Release */,
			);
			defaultConfigurationIsVisible = 0;
			defaultConfigurationName = Release;
		};
		C01FCF4E08A954540054247B /* Build configuration list for PBXProject "__NON-CLI__" */ = {
			isa = XCConfigurationList;
			buildConfigurations = (
				C01FCF4F08A954540054247B /* Debug */,
				C01FCF5008A954540054247B /* Release */,
			);
			defaultConfigurationIsVisible = 0;
			defaultConfigurationName = Release;
		};
/* End XCConfigurationList section */
	};
	rootObject = 29B97313FDCFA39411CA2CEA /* Project object */;
}
