// !$*UTF8*$!
{
	archiveVersion = 1;
	classes = {
	};
	objectVersion = 46;
	objects = {
/* Begin PBXBuildFile section */
		0207DA581B56EA530066E2B4 /* Images.xcassets in Resources */ = {isa = PBXBuildFile; fileRef = 0207DA571B56EA530066E2B4 /* Images.xcassets */; };
		1D3623260D0F684500981E51 /* AppDelegate.m in Sources */ = {isa = PBXBuildFile; fileRef = 1D3623250D0F684500981E51 /* AppDelegate.m */; };
		1D60589B0D05DD56006BFB54 /* main.m in Sources */ = {isa = PBXBuildFile; fileRef = 29B97316FDCFA39411CA2CEA /* main.m */; };
		301BF552109A68D80062928A /* libCordova.a in Frameworks */ = {isa = PBXBuildFile; fileRef = 301BF535109A57CC0062928A /* libCordova.a */; };
		302D95F114D2391D003F00A1 /* MainViewController.m in Sources */ = {isa = PBXBuildFile; fileRef = 302D95EF14D2391D003F00A1 /* MainViewController.m */; };
		302D95F214D2391D003F00A1 /* MainViewController.xib in Resources */ = {isa = PBXBuildFile; fileRef = 302D95F014D2391D003F00A1 /* MainViewController.xib */; };
		3047A5121AB8059700498E2A /* build-debug.xcconfig in Resources */ = {isa = PBXBuildFile; fileRef = 3047A50F1AB8059700498E2A /* build-debug.xcconfig */; };
		3047A5131AB8059700498E2A /* build-release.xcconfig in Resources */ = {isa = PBXBuildFile; fileRef = 3047A5101AB8059700498E2A /* build-release.xcconfig */; };
		3047A5141AB8059700498E2A /* build.xcconfig in Resources */ = {isa = PBXBuildFile; fileRef = 3047A5111AB8059700498E2A /* build.xcconfig */; };
		6AFF5BF91D6E424B00AB3073 /* CDVLaunchScreen.storyboard in Resources */ = {isa = PBXBuildFile; fileRef = 6AFF5BF81D6E424B00AB3073 /* CDVLaunchScreen.storyboard */; };
		647ECA59C83E412FB73C6832 /* UIImage+CropScaleOrientation.m in Sources */ = {isa = PBXBuildFile; fileRef = E74897CC1AD049A5B6E1B90A /* UIImage+CropScaleOrientation.m */; };
		554FA63792DC49CD9B011B8F /* CDVCamera.m in Sources */ = {isa = PBXBuildFile; fileRef = 5C7FFE80FBDC4FF8BB9E8BF7 /* CDVCamera.m */; };
		71F954E84A914A0D8F6D25EA /* CDVJpegHeaderWriter.m in Sources */ = {isa = PBXBuildFile; fileRef = 131E5F3A223144F5AF84F30E /* CDVJpegHeaderWriter.m */; };
		CF85F8B96A294ADDAC2CC933 /* ImageIO.framework in Frameworks */ = {isa = PBXBuildFile; fileRef = D6AFEBEBA26E4177A4CBC1D5 /* ImageIO.framework */; settings = {ATTRIBUTES = (Weak, ); }; };
		3BADF561B7F74C3C8B314776 /* CoreLocation.framework in Frameworks */ = {isa = PBXBuildFile; fileRef = 39CF3A7E044F47E18408BBBB /* CoreLocation.framework */; };
		521BD166A7D74539A189690E /* AVFoundation.framework in Frameworks */ = {isa = PBXBuildFile; fileRef = D59EC38C06D246C8AB6FA3E1 /* AVFoundation.framework */; };
		360E48BFFBF34D04BDEC2F41 /* CDVContacts.m in Sources */ = {isa = PBXBuildFile; fileRef = 97FC0F453E34492397F21654 /* CDVContacts.m */; };
		3BF8BCD23985458786141E08 /* CDVContact.m in Sources */ = {isa = PBXBuildFile; fileRef = D03FCC468F404823BD1F9CBA /* CDVContact.m */; };
		23187BC2260744C5BD2EE346 /* AddressBook.framework in Frameworks */ = {isa = PBXBuildFile; fileRef = 03EA7951FBD14198A8C2E9FE /* AddressBook.framework */; settings = {ATTRIBUTES = (Weak, ); }; };
		285C733356304F89AD7D8737 /* AddressBookUI.framework in Frameworks */ = {isa = PBXBuildFile; fileRef = 8BAF6E83EBD14713879C330D /* AddressBookUI.framework */; settings = {ATTRIBUTES = (Weak, ); }; };
		9A34E874C0184F219F3589B3 /* APPEmailComposer.m in Sources */ = {isa = PBXBuildFile; fileRef = F69AC87DD59145C8A167F12A /* APPEmailComposer.m */; };
		40F6A960C71F476AB37F62E2 /* APPEmailComposerImpl.m in Sources */ = {isa = PBXBuildFile; fileRef = 62887A6B214A4C5FB9DA1467 /* APPEmailComposerImpl.m */; };
		6431003CA8FE438180487316 /* MessageUI.framework in Frameworks */ = {isa = PBXBuildFile; fileRef = 8B331675185344F0B9CB6BFD /* MessageUI.framework */; };
		76DC236E0C7041D8A0938577 /* CDVFile.m in Sources */ = {isa = PBXBuildFile; fileRef = 64BC064745104758A9581425 /* CDVFile.m */; };
		72FD91E888F94B7AB66D748A /* CDVLocalFilesystem.m in Sources */ = {isa = PBXBuildFile; fileRef = A7E0567DE78D406BB4E5D8E5 /* CDVLocalFilesystem.m */; };
		DDFD03AC1E274966B1BAD7C6 /* CDVAssetLibraryFilesystem.m in Sources */ = {isa = PBXBuildFile; fileRef = E6AA920F4628490C99098F5E /* CDVAssetLibraryFilesystem.m */; };
		A127E40456114E569ABC8B1C /* CDVFileTransfer.m in Sources */ = {isa = PBXBuildFile; fileRef = 03B83E36B1BA42B9A1893060 /* CDVFileTransfer.m */; };
		A3993175571A47AABFF90DD9 /* CDVSplashScreen.m in Sources */ = {isa = PBXBuildFile; fileRef = 70805B4A25C04554BD8D2270 /* CDVSplashScreen.m */; };
		E854C8833400423A82A97712 /* CDVViewController+SplashScreen.m in Sources */ = {isa = PBXBuildFile; fileRef = F6C6009A79A14F6CA15C9C92 /* CDVViewController+SplashScreen.m */; };
		D91F2225B885416C9860668F /* CDVStatusBar.m in Sources */ = {isa = PBXBuildFile; fileRef = 1C1C2DF7A526466FB278C82F /* CDVStatusBar.m */; };
		388A42DC944640D48F0F3271 /* CDVWechat.m in Sources */ = {isa = PBXBuildFile; fileRef = 26ACF6C99BEE464B8F7ED437 /* CDVWechat.m */; };
		4CED218F23A04454B07C6BDF /* libWeChatSDK.a in Frameworks */ = {isa = PBXBuildFile; fileRef = 14FCD568E0E2482195E10681 /* libWeChatSDK.a */; };
		DAC3DDB21A114243B8188214 /* libz.tbd in Frameworks */ = {isa = PBXBuildFile; fileRef = 320703781FFF451DBA6245EB /* libz.tbd */; };
		4DBA757EE67E428086F3FFB1 /* libsqlite3.0.tbd in Frameworks */ = {isa = PBXBuildFile; fileRef = 3330599D11FC4453AAD93EB3 /* libsqlite3.0.tbd */; };
		DA742401B5974E3BAB59AE50 /* CoreTelephony.framework in Frameworks */ = {isa = PBXBuildFile; fileRef = 5168F5B8665C4378990E331E /* CoreTelephony.framework */; };
		E1E0F142107C419196255C71 /* SystemConfiguration.framework in Frameworks */ = {isa = PBXBuildFile; fileRef = F5DAD10BAED446F1AFC60179 /* SystemConfiguration.framework */; };
		DCB2DD40DC034BE58FA85471 /* Security.framework in Frameworks */ = {isa = PBXBuildFile; fileRef = 7B97BECD63D9462F8764E92C /* Security.framework */; };
		1E11DCDE42474CEDBE366044 /* CFNetwork.framework in Frameworks */ = {isa = PBXBuildFile; fileRef = D2AA767233EF412AB621DE70 /* CFNetwork.framework */; };
		A3928E4EAE404EC387E47304 /* libstdc++.6.tbd in Frameworks */ = {isa = PBXBuildFile; fileRef = C27C66FE60F84747BFCE346B /* libstdc++.6.tbd */; };
		37832AA8EF724E9FAE728837 /* Sms.m in Sources */ = {isa = PBXBuildFile; fileRef = 3137EFE2817440259BE179DD /* Sms.m */; };
		AD36F47E9D4E42D2AF9A1264 /* CDVBarcodeScanner.mm in Resources */ = {isa = PBXBuildFile; fileRef = D18DB400F127424188583DA3 /* CDVBarcodeScanner.mm */; settings = {COMPILER_FLAGS = "-fno-objc-arc"; }; };
		598BBF00A6FC45408F47BEF7 /* zxing-all-in-one.cpp in Resources */ = {isa = PBXBuildFile; fileRef = A9E0E4B9DDCC482A8A5AC642 /* zxing-all-in-one.cpp */; };
		EE8718ADE19A413999445BAE /* scannerOverlay.xib in Resources */ = {isa = PBXBuildFile; fileRef = 069A3F411D04468FB68A30FE /* scannerOverlay.xib */; };
		34D5C186ED3648AA940FFC9D /* CDVBarcodeScanner.bundle in Resources */ = {isa = PBXBuildFile; fileRef = 6B3C5D44DD704148B00C37C9 /* CDVBarcodeScanner.bundle */; };
		CAE5AF5F04EF44B5BB88CD78 /* libiconv.dylib in Frameworks */ = {isa = PBXBuildFile; fileRef = 3B4697A4AFE64C6D877E0072 /* libiconv.dylib */; };
		97C3144EEC3B485D95AF81D2 /* CoreVideo.framework in Frameworks */ = {isa = PBXBuildFile; fileRef = DC481B7A396B43538A654E87 /* CoreVideo.framework */; };
		B7464747B02943FD92B70DAC /* QuartzCore.framework in Frameworks */ = {isa = PBXBuildFile; fileRef = 6DFDF51D66F54EA8819072A3 /* QuartzCore.framework */; };
		EA4CF990BD4C47D7AE0104FF /* CoreImage.framework in Frameworks */ = {isa = PBXBuildFile; fileRef = E6F16B952DE44B95B76F48FE /* CoreImage.framework */; };
		577F2CF8D3DF4FF68738DBA5 /* AudioToolbox.framework in Frameworks */ = {isa = PBXBuildFile; fileRef = E257C88F08CB43B19908A78F /* AudioToolbox.framework */; };
/* End PBXBuildFile section */

/* Begin PBXContainerItemProxy section */
		301BF534109A57CC0062928A /* PBXContainerItemProxy */ = {
			isa = PBXContainerItemProxy;
			containerPortal = 301BF52D109A57CC0062928A /* CordovaLib.xcodeproj */;
			proxyType = 2;
			remoteGlobalIDString = D2AAC07E0554694100DB518D;
			remoteInfo = CordovaLib;
		};
		301BF550109A68C00062928A /* PBXContainerItemProxy */ = {
			isa = PBXContainerItemProxy;
			containerPortal = 301BF52D109A57CC0062928A /* CordovaLib.xcodeproj */;
			proxyType = 1;
			remoteGlobalIDString = D2AAC07D0554694100DB518D;
			remoteInfo = CordovaLib;
		};
/* End PBXContainerItemProxy section */

/* Begin PBXFileReference section */
		0207DA571B56EA530066E2B4 /* Images.xcassets */ = {isa = PBXFileReference; lastKnownFileType = folder.assetcatalog; name = Images.xcassets; path = "MoTooling/Images.xcassets"; sourceTree = SOURCE_ROOT; };
		1D3623240D0F684500981E51 /* AppDelegate.h */ = {isa = PBXFileReference; fileEncoding = 4; lastKnownFileType = sourcecode.c.h; path = AppDelegate.h; sourceTree = "<group>"; };
		1D3623250D0F684500981E51 /* AppDelegate.m */ = {isa = PBXFileReference; fileEncoding = 4; lastKnownFileType = sourcecode.c.objc; path = AppDelegate.m; sourceTree = "<group>"; };
		1D6058910D05DD3D006BFB54 /* MoTooling.app */ = {isa = PBXFileReference; explicitFileType = wrapper.application; includeInIndex = 0; path = "MoTooling.app"; sourceTree = BUILT_PRODUCTS_DIR; };
		29B97316FDCFA39411CA2CEA /* main.m */ = {isa = PBXFileReference; fileEncoding = 4; lastKnownFileType = sourcecode.c.objc; path = main.m; sourceTree = "<group>"; };
		301BF52D109A57CC0062928A /* CordovaLib.xcodeproj */ = {isa = PBXFileReference; lastKnownFileType = "wrapper.pb-project"; path = CordovaLib/CordovaLib.xcodeproj; sourceTree = "<group>"; };
		301BF56E109A69640062928A /* www */ = {isa = PBXFileReference; lastKnownFileType = folder; path = www; sourceTree = SOURCE_ROOT; };
		302D95EE14D2391D003F00A1 /* MainViewController.h */ = {isa = PBXFileReference; fileEncoding = 4; lastKnownFileType = sourcecode.c.h; path = MainViewController.h; sourceTree = "<group>"; };
		302D95EF14D2391D003F00A1 /* MainViewController.m */ = {isa = PBXFileReference; fileEncoding = 4; lastKnownFileType = sourcecode.c.objc; path = MainViewController.m; sourceTree = "<group>"; };
		302D95F014D2391D003F00A1 /* MainViewController.xib */ = {isa = PBXFileReference; fileEncoding = 4; lastKnownFileType = file.xib; path = MainViewController.xib; sourceTree = "<group>"; };
		3047A50F1AB8059700498E2A /* build-debug.xcconfig */ = {isa = PBXFileReference; fileEncoding = 4; lastKnownFileType = text.xcconfig; name = "build-debug.xcconfig"; path = cordova/build-debug.xcconfig; sourceTree = SOURCE_ROOT; };
		3047A5101AB8059700498E2A /* build-release.xcconfig */ = {isa = PBXFileReference; fileEncoding = 4; lastKnownFileType = text.xcconfig; name = "build-release.xcconfig"; path = cordova/build-release.xcconfig; sourceTree = SOURCE_ROOT; };
		3047A5111AB8059700498E2A /* build.xcconfig */ = {isa = PBXFileReference; fileEncoding = 4; lastKnownFileType = text.xcconfig; name = build.xcconfig; path = cordova/build.xcconfig; sourceTree = SOURCE_ROOT; };
		32CA4F630368D1EE00C91783 /* MoTooling-Prefix.pch */ = {isa = PBXFileReference; fileEncoding = 4; lastKnownFileType = sourcecode.c.h; path = "MoTooling-Prefix.pch"; sourceTree = "<group>"; };
		6AFF5BF81D6E424B00AB3073 /* CDVLaunchScreen.storyboard */ = {isa = PBXFileReference; fileEncoding = 4; lastKnownFileType = file.storyboard; name = CDVLaunchScreen.storyboard; path = "MoTooling/CDVLaunchScreen.storyboard"; sourceTree = SOURCE_ROOT; };
		8D1107310486CEB800E47090 /* MoTooling-Info.plist */ = {isa = PBXFileReference; fileEncoding = 4; lastKnownFileType = text.plist.xml; name = "MoTooling-Info.plist"; path = "MoTooling/MoTooling-Info.plist"; plistStructureDefinitionIdentifier = "com.apple.xcode.plist.structure-definition.iphone.info-plist"; sourceTree = SOURCE_ROOT; };
		EB87FDF31871DA8E0020F90C /* www */ = {isa = PBXFileReference; lastKnownFileType = folder; name = www; path = ../../www; sourceTree = "<group>"; };
		EB87FDF41871DAF40020F90C /* config.xml */ = {isa = PBXFileReference; lastKnownFileType = text.xml; name = config.xml; path = ../../config.xml; sourceTree = "<group>"; };
		F840E1F0165FE0F500CFE078 /* config.xml */ = {isa = PBXFileReference; lastKnownFileType = text.xml; name = config.xml; path = "MoTooling/config.xml"; sourceTree = "<group>"; };
		ED33DF2A687741AEAF9F8254 /* Bridging-Header.h */ = {isa = PBXFileReference; fileEncoding = 4; lastKnownFileType = sourcecode.c.h; name = "Bridging-Header.h"; path = "Bridging-Header.h"; sourceTree = "<group>"; };
		E74897CC1AD049A5B6E1B90A /* UIImage+CropScaleOrientation.m */ = {isa = PBXFileReference; name = "UIImage+CropScaleOrientation.m"; path = "cordova-plugin-camera/UIImage+CropScaleOrientation.m"; sourceTree = "<group>"; fileEncoding = 4; lastKnownFileType = sourcecode.c.objc; explicitFileType = undefined; includeInIndex = 0; };
		5C7FFE80FBDC4FF8BB9E8BF7 /* CDVCamera.m */ = {isa = PBXFileReference; name = "CDVCamera.m"; path = "cordova-plugin-camera/CDVCamera.m"; sourceTree = "<group>"; fileEncoding = 4; lastKnownFileType = sourcecode.c.objc; explicitFileType = undefined; includeInIndex = 0; };
		131E5F3A223144F5AF84F30E /* CDVJpegHeaderWriter.m */ = {isa = PBXFileReference; name = "CDVJpegHeaderWriter.m"; path = "cordova-plugin-camera/CDVJpegHeaderWriter.m"; sourceTree = "<group>"; fileEncoding = 4; lastKnownFileType = sourcecode.c.objc; explicitFileType = undefined; includeInIndex = 0; };
		232E5F89C27D460091EDA9DD /* UIImage+CropScaleOrientation.h */ = {isa = PBXFileReference; name = "UIImage+CropScaleOrientation.h"; path = "cordova-plugin-camera/UIImage+CropScaleOrientation.h"; sourceTree = "<group>"; fileEncoding = 4; lastKnownFileType = sourcecode.c.h; explicitFileType = undefined; includeInIndex = 0; };
		E9BEBC3D5CBB4164A0B8DA6B /* CDVCamera.h */ = {isa = PBXFileReference; name = "CDVCamera.h"; path = "cordova-plugin-camera/CDVCamera.h"; sourceTree = "<group>"; fileEncoding = 4; lastKnownFileType = sourcecode.c.h; explicitFileType = undefined; includeInIndex = 0; };
		6A25B9B5E4BC4E04900D5798 /* CDVJpegHeaderWriter.h */ = {isa = PBXFileReference; name = "CDVJpegHeaderWriter.h"; path = "cordova-plugin-camera/CDVJpegHeaderWriter.h"; sourceTree = "<group>"; fileEncoding = 4; lastKnownFileType = sourcecode.c.h; explicitFileType = undefined; includeInIndex = 0; };
		79B0E7D010F84D82B4E73BB4 /* CDVExif.h */ = {isa = PBXFileReference; name = "CDVExif.h"; path = "cordova-plugin-camera/CDVExif.h"; sourceTree = "<group>"; fileEncoding = 4; lastKnownFileType = sourcecode.c.h; explicitFileType = undefined; includeInIndex = 0; };
		D6AFEBEBA26E4177A4CBC1D5 /* ImageIO.framework */ = {isa = PBXFileReference; name = "ImageIO.framework"; path = "System/Library/Frameworks/ImageIO.framework"; sourceTree = SDKROOT; fileEncoding = undefined; lastKnownFileType = wrapper.framework; explicitFileType = undefined; includeInIndex = 0; };
		39CF3A7E044F47E18408BBBB /* CoreLocation.framework */ = {isa = PBXFileReference; name = "CoreLocation.framework"; path = "System/Library/Frameworks/CoreLocation.framework"; sourceTree = SDKROOT; fileEncoding = undefined; lastKnownFileType = wrapper.framework; explicitFileType = undefined; includeInIndex = 0; };
		D59EC38C06D246C8AB6FA3E1 /* AVFoundation.framework */ = {isa = PBXFileReference; name = "AVFoundation.framework"; path = "System/Library/Frameworks/AVFoundation.framework"; sourceTree = SDKROOT; fileEncoding = undefined; lastKnownFileType = wrapper.framework; explicitFileType = undefined; includeInIndex = 0; };
		97FC0F453E34492397F21654 /* CDVContacts.m */ = {isa = PBXFileReference; name = "CDVContacts.m"; path = "cordova-plugin-contacts/CDVContacts.m"; sourceTree = "<group>"; fileEncoding = 4; lastKnownFileType = sourcecode.c.objc; explicitFileType = undefined; includeInIndex = 0; };
		D03FCC468F404823BD1F9CBA /* CDVContact.m */ = {isa = PBXFileReference; name = "CDVContact.m"; path = "cordova-plugin-contacts/CDVContact.m"; sourceTree = "<group>"; fileEncoding = 4; lastKnownFileType = sourcecode.c.objc; explicitFileType = undefined; includeInIndex = 0; };
		60D30D3CFA374053B913B9F8 /* CDVContacts.h */ = {isa = PBXFileReference; name = "CDVContacts.h"; path = "cordova-plugin-contacts/CDVContacts.h"; sourceTree = "<group>"; fileEncoding = 4; lastKnownFileType = sourcecode.c.h; explicitFileType = undefined; includeInIndex = 0; };
		FEF815130F33445C83856528 /* CDVContact.h */ = {isa = PBXFileReference; name = "CDVContact.h"; path = "cordova-plugin-contacts/CDVContact.h"; sourceTree = "<group>"; fileEncoding = 4; lastKnownFileType = sourcecode.c.h; explicitFileType = undefined; includeInIndex = 0; };
		03EA7951FBD14198A8C2E9FE /* AddressBook.framework */ = {isa = PBXFileReference; name = "AddressBook.framework"; path = "System/Library/Frameworks/AddressBook.framework"; sourceTree = SDKROOT; fileEncoding = undefined; lastKnownFileType = wrapper.framework; explicitFileType = undefined; includeInIndex = 0; };
		8BAF6E83EBD14713879C330D /* AddressBookUI.framework */ = {isa = PBXFileReference; name = "AddressBookUI.framework"; path = "System/Library/Frameworks/AddressBookUI.framework"; sourceTree = SDKROOT; fileEncoding = undefined; lastKnownFileType = wrapper.framework; explicitFileType = undefined; includeInIndex = 0; };
		F69AC87DD59145C8A167F12A /* APPEmailComposer.m */ = {isa = PBXFileReference; name = "APPEmailComposer.m"; path = "cordova-plugin-email-composer/APPEmailComposer.m"; sourceTree = "<group>"; fileEncoding = 4; lastKnownFileType = sourcecode.c.objc; explicitFileType = undefined; includeInIndex = 0; };
		62887A6B214A4C5FB9DA1467 /* APPEmailComposerImpl.m */ = {isa = PBXFileReference; name = "APPEmailComposerImpl.m"; path = "cordova-plugin-email-composer/APPEmailComposerImpl.m"; sourceTree = "<group>"; fileEncoding = 4; lastKnownFileType = sourcecode.c.objc; explicitFileType = undefined; includeInIndex = 0; };
		F5407309B7DE4AE5B8C7A441 /* APPEmailComposer.h */ = {isa = PBXFileReference; name = "APPEmailComposer.h"; path = "cordova-plugin-email-composer/APPEmailComposer.h"; sourceTree = "<group>"; fileEncoding = 4; lastKnownFileType = sourcecode.c.h; explicitFileType = undefined; includeInIndex = 0; };
		887F5E3B8EC44E0C9A342A26 /* APPEmailComposerImpl.h */ = {isa = PBXFileReference; name = "APPEmailComposerImpl.h"; path = "cordova-plugin-email-composer/APPEmailComposerImpl.h"; sourceTree = "<group>"; fileEncoding = 4; lastKnownFileType = sourcecode.c.h; explicitFileType = undefined; includeInIndex = 0; };
		8B331675185344F0B9CB6BFD /* MessageUI.framework */ = {isa = PBXFileReference; name = "MessageUI.framework"; path = "System/Library/Frameworks/MessageUI.framework"; sourceTree = SDKROOT; fileEncoding = undefined; lastKnownFileType = wrapper.framework; explicitFileType = undefined; includeInIndex = 0; };
		64BC064745104758A9581425 /* CDVFile.m */ = {isa = PBXFileReference; name = "CDVFile.m"; path = "cordova-plugin-file/CDVFile.m"; sourceTree = "<group>"; fileEncoding = 4; lastKnownFileType = sourcecode.c.objc; explicitFileType = undefined; includeInIndex = 0; };
		A7E0567DE78D406BB4E5D8E5 /* CDVLocalFilesystem.m */ = {isa = PBXFileReference; name = "CDVLocalFilesystem.m"; path = "cordova-plugin-file/CDVLocalFilesystem.m"; sourceTree = "<group>"; fileEncoding = 4; lastKnownFileType = sourcecode.c.objc; explicitFileType = undefined; includeInIndex = 0; };
		E6AA920F4628490C99098F5E /* CDVAssetLibraryFilesystem.m */ = {isa = PBXFileReference; name = "CDVAssetLibraryFilesystem.m"; path = "cordova-plugin-file/CDVAssetLibraryFilesystem.m"; sourceTree = "<group>"; fileEncoding = 4; lastKnownFileType = sourcecode.c.objc; explicitFileType = undefined; includeInIndex = 0; };
		DD63B38838C7458291599A41 /* CDVFile.h */ = {isa = PBXFileReference; name = "CDVFile.h"; path = "cordova-plugin-file/CDVFile.h"; sourceTree = "<group>"; fileEncoding = 4; lastKnownFileType = sourcecode.c.h; explicitFileType = undefined; includeInIndex = 0; };
		54188001DF6D4CEFBA077A68 /* CDVLocalFilesystem.h */ = {isa = PBXFileReference; name = "CDVLocalFilesystem.h"; path = "cordova-plugin-file/CDVLocalFilesystem.h"; sourceTree = "<group>"; fileEncoding = 4; lastKnownFileType = sourcecode.c.h; explicitFileType = undefined; includeInIndex = 0; };
		AC6BEFBBC6144499AF8E247C /* CDVAssetLibraryFilesystem.h */ = {isa = PBXFileReference; name = "CDVAssetLibraryFilesystem.h"; path = "cordova-plugin-file/CDVAssetLibraryFilesystem.h"; sourceTree = "<group>"; fileEncoding = 4; lastKnownFileType = sourcecode.c.h; explicitFileType = undefined; includeInIndex = 0; };
		03B83E36B1BA42B9A1893060 /* CDVFileTransfer.m */ = {isa = PBXFileReference; name = "CDVFileTransfer.m"; path = "cordova-plugin-file-transfer/CDVFileTransfer.m"; sourceTree = "<group>"; fileEncoding = 4; lastKnownFileType = sourcecode.c.objc; explicitFileType = undefined; includeInIndex = 0; };
		2DEBA9E4864B49619B51BA79 /* CDVFileTransfer.h */ = {isa = PBXFileReference; name = "CDVFileTransfer.h"; path = "cordova-plugin-file-transfer/CDVFileTransfer.h"; sourceTree = "<group>"; fileEncoding = 4; lastKnownFileType = sourcecode.c.h; explicitFileType = undefined; includeInIndex = 0; };
		70805B4A25C04554BD8D2270 /* CDVSplashScreen.m */ = {isa = PBXFileReference; name = "CDVSplashScreen.m"; path = "cordova-plugin-splashscreen/CDVSplashScreen.m"; sourceTree = "<group>"; fileEncoding = 4; lastKnownFileType = sourcecode.c.objc; explicitFileType = undefined; includeInIndex = 0; };
		F6C6009A79A14F6CA15C9C92 /* CDVViewController+SplashScreen.m */ = {isa = PBXFileReference; name = "CDVViewController+SplashScreen.m"; path = "cordova-plugin-splashscreen/CDVViewController+SplashScreen.m"; sourceTree = "<group>"; fileEncoding = 4; lastKnownFileType = sourcecode.c.objc; explicitFileType = undefined; includeInIndex = 0; };
		5E2CE68A723D4C8E8A2587DE /* CDVSplashScreen.h */ = {isa = PBXFileReference; name = "CDVSplashScreen.h"; path = "cordova-plugin-splashscreen/CDVSplashScreen.h"; sourceTree = "<group>"; fileEncoding = 4; lastKnownFileType = sourcecode.c.h; explicitFileType = undefined; includeInIndex = 0; };
		40424289BAF444ABA19A2E4A /* CDVViewController+SplashScreen.h */ = {isa = PBXFileReference; name = "CDVViewController+SplashScreen.h"; path = "cordova-plugin-splashscreen/CDVViewController+SplashScreen.h"; sourceTree = "<group>"; fileEncoding = 4; lastKnownFileType = sourcecode.c.h; explicitFileType = undefined; includeInIndex = 0; };
		1C1C2DF7A526466FB278C82F /* CDVStatusBar.m */ = {isa = PBXFileReference; name = "CDVStatusBar.m"; path = "cordova-plugin-statusbar/CDVStatusBar.m"; sourceTree = "<group>"; fileEncoding = 4; lastKnownFileType = sourcecode.c.objc; explicitFileType = undefined; includeInIndex = 0; };
		4D0D8F97FF3D4BA49C43BC9E /* CDVStatusBar.h */ = {isa = PBXFileReference; name = "CDVStatusBar.h"; path = "cordova-plugin-statusbar/CDVStatusBar.h"; sourceTree = "<group>"; fileEncoding = 4; lastKnownFileType = sourcecode.c.h; explicitFileType = undefined; includeInIndex = 0; };
		26ACF6C99BEE464B8F7ED437 /* CDVWechat.m */ = {isa = PBXFileReference; name = "CDVWechat.m"; path = "cordova-plugin-wechat/CDVWechat.m"; sourceTree = "<group>"; fileEncoding = 4; lastKnownFileType = sourcecode.c.objc; explicitFileType = undefined; includeInIndex = 0; };
		14FCD568E0E2482195E10681 /* libWeChatSDK.a */ = {isa = PBXFileReference; name = "libWeChatSDK.a"; path = "MoTooling/Plugins/cordova-plugin-wechat/libWeChatSDK.a"; sourceTree = "<group>"; fileEncoding = undefined; lastKnownFileType = archive.ar; explicitFileType = undefined; includeInIndex = 0; };
		0EF634B3BC0F46B2964EEB5F /* CDVWechat.h */ = {isa = PBXFileReference; name = "CDVWechat.h"; path = "cordova-plugin-wechat/CDVWechat.h"; sourceTree = "<group>"; fileEncoding = 4; lastKnownFileType = sourcecode.c.h; explicitFileType = undefined; includeInIndex = 0; };
		2F4CB18C1B234393A47CF123 /* WXApi.h */ = {isa = PBXFileReference; name = "WXApi.h"; path = "cordova-plugin-wechat/WXApi.h"; sourceTree = "<group>"; fileEncoding = 4; lastKnownFileType = sourcecode.c.h; explicitFileType = undefined; includeInIndex = 0; };
		82B3E44A855542C4ABD71C99 /* WXApiObject.h */ = {isa = PBXFileReference; name = "WXApiObject.h"; path = "cordova-plugin-wechat/WXApiObject.h"; sourceTree = "<group>"; fileEncoding = 4; lastKnownFileType = sourcecode.c.h; explicitFileType = undefined; includeInIndex = 0; };
		320703781FFF451DBA6245EB /* libz.tbd */ = {isa = PBXFileReference; name = "libz.tbd"; path = "usr/lib/libz.tbd"; sourceTree = SDKROOT; fileEncoding = undefined; lastKnownFileType = sourcecode.text-based-dylib-definition; explicitFileType = undefined; includeInIndex = 0; };
		3330599D11FC4453AAD93EB3 /* libsqlite3.0.tbd */ = {isa = PBXFileReference; name = "libsqlite3.0.tbd"; path = "usr/lib/libsqlite3.0.tbd"; sourceTree = SDKROOT; fileEncoding = undefined; lastKnownFileType = sourcecode.text-based-dylib-definition; explicitFileType = undefined; includeInIndex = 0; };
		5168F5B8665C4378990E331E /* CoreTelephony.framework */ = {isa = PBXFileReference; name = "CoreTelephony.framework"; path = "System/Library/Frameworks/CoreTelephony.framework"; sourceTree = SDKROOT; fileEncoding = undefined; lastKnownFileType = wrapper.framework; explicitFileType = undefined; includeInIndex = 0; };
		F5DAD10BAED446F1AFC60179 /* SystemConfiguration.framework */ = {isa = PBXFileReference; name = "SystemConfiguration.framework"; path = "System/Library/Frameworks/SystemConfiguration.framework"; sourceTree = SDKROOT; fileEncoding = undefined; lastKnownFileType = wrapper.framework; explicitFileType = undefined; includeInIndex = 0; };
		7B97BECD63D9462F8764E92C /* Security.framework */ = {isa = PBXFileReference; name = "Security.framework"; path = "System/Library/Frameworks/Security.framework"; sourceTree = SDKROOT; fileEncoding = undefined; lastKnownFileType = wrapper.framework; explicitFileType = undefined; includeInIndex = 0; };
		D2AA767233EF412AB621DE70 /* CFNetwork.framework */ = {isa = PBXFileReference; name = "CFNetwork.framework"; path = "System/Library/Frameworks/CFNetwork.framework"; sourceTree = SDKROOT; fileEncoding = undefined; lastKnownFileType = wrapper.framework; explicitFileType = undefined; includeInIndex = 0; };
		C27C66FE60F84747BFCE346B /* libstdc++.6.tbd */ = {isa = PBXFileReference; name = "libstdc++.6.tbd"; path = "usr/lib/libstdc++.6.tbd"; sourceTree = SDKROOT; fileEncoding = undefined; lastKnownFileType = sourcecode.text-based-dylib-definition; explicitFileType = undefined; includeInIndex = 0; };
		3137EFE2817440259BE179DD /* Sms.m */ = {isa = PBXFileReference; name = "Sms.m"; path = "cordova-sms-plugin/Sms.m"; sourceTree = "<group>"; fileEncoding = 4; lastKnownFileType = sourcecode.c.objc; explicitFileType = undefined; includeInIndex = 0; };
		33254E3FF5D445C6A9B2EB4C /* Sms.h */ = {isa = PBXFileReference; name = "Sms.h"; path = "cordova-sms-plugin/Sms.h"; sourceTree = "<group>"; fileEncoding = 4; lastKnownFileType = sourcecode.c.h; explicitFileType = undefined; includeInIndex = 0; };
		D18DB400F127424188583DA3 /* CDVBarcodeScanner.mm */ = {isa = PBXFileReference; name = "CDVBarcodeScanner.mm"; path = "phonegap-plugin-barcodescanner/CDVBarcodeScanner.mm"; sourceTree = "<group>"; fileEncoding = undefined; lastKnownFileType = unknown; explicitFileType = undefined; includeInIndex = 0; };
		A9E0E4B9DDCC482A8A5AC642 /* zxing-all-in-one.cpp */ = {isa = PBXFileReference; name = "zxing-all-in-one.cpp"; path = "phonegap-plugin-barcodescanner/zxing-all-in-one.cpp"; sourceTree = "<group>"; fileEncoding = undefined; lastKnownFileType = unknown; explicitFileType = undefined; includeInIndex = 0; };
		3CC8F488BC944B848A87F264 /* zxing-all-in-one.h */ = {isa = PBXFileReference; name = "zxing-all-in-one.h"; path = "phonegap-plugin-barcodescanner/zxing-all-in-one.h"; sourceTree = "<group>"; fileEncoding = 4; lastKnownFileType = sourcecode.c.h; explicitFileType = undefined; includeInIndex = 0; };
		069A3F411D04468FB68A30FE /* scannerOverlay.xib */ = {isa = PBXFileReference; name = "scannerOverlay.xib"; path = "scannerOverlay.xib"; sourceTree = "<group>"; fileEncoding = undefined; lastKnownFileType = file.xib; explicitFileType = undefined; includeInIndex = 0; };
		6B3C5D44DD704148B00C37C9 /* CDVBarcodeScanner.bundle */ = {isa = PBXFileReference; name = "CDVBarcodeScanner.bundle"; path = "CDVBarcodeScanner.bundle"; sourceTree = "<group>"; fileEncoding = undefined; lastKnownFileType = wrapper.plug-in; explicitFileType = undefined; includeInIndex = 0; };
		3B4697A4AFE64C6D877E0072 /* libiconv.dylib */ = {isa = PBXFileReference; name = "libiconv.dylib"; path = "usr/lib/libiconv.dylib"; sourceTree = SDKROOT; fileEncoding = undefined; lastKnownFileType = compiled.mach-o.dylib; explicitFileType = undefined; includeInIndex = 0; };
		DC481B7A396B43538A654E87 /* CoreVideo.framework */ = {isa = PBXFileReference; name = "CoreVideo.framework"; path = "System/Library/Frameworks/CoreVideo.framework"; sourceTree = SDKROOT; fileEncoding = undefined; lastKnownFileType = wrapper.framework; explicitFileType = undefined; includeInIndex = 0; };
		6DFDF51D66F54EA8819072A3 /* QuartzCore.framework */ = {isa = PBXFileReference; name = "QuartzCore.framework"; path = "System/Library/Frameworks/QuartzCore.framework"; sourceTree = SDKROOT; fileEncoding = undefined; lastKnownFileType = wrapper.framework; explicitFileType = undefined; includeInIndex = 0; };
		E6F16B952DE44B95B76F48FE /* CoreImage.framework */ = {isa = PBXFileReference; name = "CoreImage.framework"; path = "System/Library/Frameworks/CoreImage.framework"; sourceTree = SDKROOT; fileEncoding = undefined; lastKnownFileType = wrapper.framework; explicitFileType = undefined; includeInIndex = 0; };
		E257C88F08CB43B19908A78F /* AudioToolbox.framework */ = {isa = PBXFileReference; name = "AudioToolbox.framework"; path = "System/Library/Frameworks/AudioToolbox.framework"; sourceTree = SDKROOT; fileEncoding = undefined; lastKnownFileType = wrapper.framework; explicitFileType = undefined; includeInIndex = 0; };
/* End PBXFileReference section */

/* Begin PBXFrameworksBuildPhase section */
		1D60588F0D05DD3D006BFB54 /* Frameworks */ = {
			isa = PBXFrameworksBuildPhase;
			buildActionMask = 2147483647;
			files = (
				301BF552109A68D80062928A /* libCordova.a in Frameworks */,
				CF85F8B96A294ADDAC2CC933 /* ImageIO.framework in Frameworks */,
				3BADF561B7F74C3C8B314776 /* CoreLocation.framework in Frameworks */,
				521BD166A7D74539A189690E /* AVFoundation.framework in Frameworks */,
				23187BC2260744C5BD2EE346 /* AddressBook.framework in Frameworks */,
				285C733356304F89AD7D8737 /* AddressBookUI.framework in Frameworks */,
				6431003CA8FE438180487316 /* MessageUI.framework in Frameworks */,
				4CED218F23A04454B07C6BDF /* libWeChatSDK.a in Frameworks */,
				DAC3DDB21A114243B8188214 /* libz.tbd in Frameworks */,
				4DBA757EE67E428086F3FFB1 /* libsqlite3.0.tbd in Frameworks */,
				DA742401B5974E3BAB59AE50 /* CoreTelephony.framework in Frameworks */,
				E1E0F142107C419196255C71 /* SystemConfiguration.framework in Frameworks */,
				DCB2DD40DC034BE58FA85471 /* Security.framework in Frameworks */,
				1E11DCDE42474CEDBE366044 /* CFNetwork.framework in Frameworks */,
				A3928E4EAE404EC387E47304 /* libstdc++.6.tbd in Frameworks */,
				CAE5AF5F04EF44B5BB88CD78 /* libiconv.dylib in Frameworks */,
				97C3144EEC3B485D95AF81D2 /* CoreVideo.framework in Frameworks */,
				B7464747B02943FD92B70DAC /* QuartzCore.framework in Frameworks */,
				EA4CF990BD4C47D7AE0104FF /* CoreImage.framework in Frameworks */,
				577F2CF8D3DF4FF68738DBA5 /* AudioToolbox.framework in Frameworks */,
			);
			runOnlyForDeploymentPostprocessing = 0;
		};
/* End PBXFrameworksBuildPhase section */

/* Begin PBXGroup section */
		080E96DDFE201D6D7F000001 /* Classes */ = {
			isa = PBXGroup;
			children = (
				302D95EE14D2391D003F00A1 /* MainViewController.h */,
				302D95EF14D2391D003F00A1 /* MainViewController.m */,
				302D95F014D2391D003F00A1 /* MainViewController.xib */,
				1D3623240D0F684500981E51 /* AppDelegate.h */,
				1D3623250D0F684500981E51 /* AppDelegate.m */,
			);
			name = Classes;
			path = "MoTooling/Classes";
			sourceTree = SOURCE_ROOT;
		};
		19C28FACFE9D520D11CA2CBB /* Products */ = {
			isa = PBXGroup;
			children = (
				1D6058910D05DD3D006BFB54 /* MoTooling.app */,
			);
			name = Products;
			sourceTree = "<group>";
		};
		29B97314FDCFA39411CA2CEA /* CustomTemplate */ = {
			isa = PBXGroup;
			children = (
				EB87FDF41871DAF40020F90C /* config.xml */,
				EB87FDF31871DA8E0020F90C /* www */,
				EB87FDF11871DA420020F90C /* Staging */,
				301BF52D109A57CC0062928A /* CordovaLib.xcodeproj */,
				080E96DDFE201D6D7F000001 /* Classes */,
				307C750510C5A3420062BCA9 /* Plugins */,
				29B97315FDCFA39411CA2CEA /* Other Sources */,
				29B97317FDCFA39411CA2CEA /* Resources */,
				29B97323FDCFA39411CA2CEA /* Frameworks */,
				19C28FACFE9D520D11CA2CBB /* Products */,
			);
			name = CustomTemplate;
			sourceTree = "<group>";
		};
		29B97315FDCFA39411CA2CEA /* Other Sources */ = {
			isa = PBXGroup;
			children = (
				32CA4F630368D1EE00C91783 /* MoTooling-Prefix.pch */,
				29B97316FDCFA39411CA2CEA /* main.m */,
				ED33DF2A687741AEAF9F8254 /* Bridging-Header.h */,
			);
			name = "Other Sources";
			path = "MoTooling";
			sourceTree = "<group>";
		};
		29B97317FDCFA39411CA2CEA /* Resources */ = {
			isa = PBXGroup;
			children = (
				0207DA571B56EA530066E2B4 /* Images.xcassets */,
				3047A50E1AB8057F00498E2A /* config */,
				8D1107310486CEB800E47090 /* MoTooling-Info.plist */,
				6AFF5BF81D6E424B00AB3073 /* CDVLaunchScreen.storyboard */,
				069A3F411D04468FB68A30FE /* scannerOverlay.xib */,
				6B3C5D44DD704148B00C37C9 /* CDVBarcodeScanner.bundle */,
			);
			name = Resources;
			path = "MoTooling/Resources";
			sourceTree = "<group>";
		};
		29B97323FDCFA39411CA2CEA /* Frameworks */ = {
			isa = PBXGroup;
			children = (
				D6AFEBEBA26E4177A4CBC1D5 /* ImageIO.framework */,
				39CF3A7E044F47E18408BBBB /* CoreLocation.framework */,
				D59EC38C06D246C8AB6FA3E1 /* AVFoundation.framework */,
				03EA7951FBD14198A8C2E9FE /* AddressBook.framework */,
				8BAF6E83EBD14713879C330D /* AddressBookUI.framework */,
				8B331675185344F0B9CB6BFD /* MessageUI.framework */,
				14FCD568E0E2482195E10681 /* libWeChatSDK.a */,
				320703781FFF451DBA6245EB /* libz.tbd */,
				3330599D11FC4453AAD93EB3 /* libsqlite3.0.tbd */,
				5168F5B8665C4378990E331E /* CoreTelephony.framework */,
				F5DAD10BAED446F1AFC60179 /* SystemConfiguration.framework */,
				7B97BECD63D9462F8764E92C /* Security.framework */,
				D2AA767233EF412AB621DE70 /* CFNetwork.framework */,
				C27C66FE60F84747BFCE346B /* libstdc++.6.tbd */,
				3B4697A4AFE64C6D877E0072 /* libiconv.dylib */,
				DC481B7A396B43538A654E87 /* CoreVideo.framework */,
				6DFDF51D66F54EA8819072A3 /* QuartzCore.framework */,
				E6F16B952DE44B95B76F48FE /* CoreImage.framework */,
				E257C88F08CB43B19908A78F /* AudioToolbox.framework */,
			);
			name = Frameworks;
			sourceTree = "<group>";
		};
		301BF52E109A57CC0062928A /* Products */ = {
			isa = PBXGroup;
			children = (
				301BF535109A57CC0062928A /* libCordova.a */,
			);
			name = Products;
			sourceTree = "<group>";
		};
		3047A50E1AB8057F00498E2A /* config */ = {
			isa = PBXGroup;
			children = (
				3047A50F1AB8059700498E2A /* build-debug.xcconfig */,
				3047A5101AB8059700498E2A /* build-release.xcconfig */,
				3047A5111AB8059700498E2A /* build.xcconfig */,
			);
			name = config;
			sourceTree = "<group>";
		};
		307C750510C5A3420062BCA9 /* Plugins */ = {
			isa = PBXGroup;
			children = (
				E74897CC1AD049A5B6E1B90A /* UIImage+CropScaleOrientation.m */,
				5C7FFE80FBDC4FF8BB9E8BF7 /* CDVCamera.m */,
				131E5F3A223144F5AF84F30E /* CDVJpegHeaderWriter.m */,
				232E5F89C27D460091EDA9DD /* UIImage+CropScaleOrientation.h */,
				E9BEBC3D5CBB4164A0B8DA6B /* CDVCamera.h */,
				6A25B9B5E4BC4E04900D5798 /* CDVJpegHeaderWriter.h */,
				79B0E7D010F84D82B4E73BB4 /* CDVExif.h */,
				97FC0F453E34492397F21654 /* CDVContacts.m */,
				D03FCC468F404823BD1F9CBA /* CDVContact.m */,
				60D30D3CFA374053B913B9F8 /* CDVContacts.h */,
				FEF815130F33445C83856528 /* CDVContact.h */,
				F69AC87DD59145C8A167F12A /* APPEmailComposer.m */,
				62887A6B214A4C5FB9DA1467 /* APPEmailComposerImpl.m */,
				F5407309B7DE4AE5B8C7A441 /* APPEmailComposer.h */,
				887F5E3B8EC44E0C9A342A26 /* APPEmailComposerImpl.h */,
				64BC064745104758A9581425 /* CDVFile.m */,
				A7E0567DE78D406BB4E5D8E5 /* CDVLocalFilesystem.m */,
				E6AA920F4628490C99098F5E /* CDVAssetLibraryFilesystem.m */,
				DD63B38838C7458291599A41 /* CDVFile.h */,
				54188001DF6D4CEFBA077A68 /* CDVLocalFilesystem.h */,
				AC6BEFBBC6144499AF8E247C /* CDVAssetLibraryFilesystem.h */,
				03B83E36B1BA42B9A1893060 /* CDVFileTransfer.m */,
				2DEBA9E4864B49619B51BA79 /* CDVFileTransfer.h */,
				70805B4A25C04554BD8D2270 /* CDVSplashScreen.m */,
				F6C6009A79A14F6CA15C9C92 /* CDVViewController+SplashScreen.m */,
				5E2CE68A723D4C8E8A2587DE /* CDVSplashScreen.h */,
				40424289BAF444ABA19A2E4A /* CDVViewController+SplashScreen.h */,
				1C1C2DF7A526466FB278C82F /* CDVStatusBar.m */,
				4D0D8F97FF3D4BA49C43BC9E /* CDVStatusBar.h */,
				26ACF6C99BEE464B8F7ED437 /* CDVWechat.m */,
				0EF634B3BC0F46B2964EEB5F /* CDVWechat.h */,
				2F4CB18C1B234393A47CF123 /* WXApi.h */,
				82B3E44A855542C4ABD71C99 /* WXApiObject.h */,
				3137EFE2817440259BE179DD /* Sms.m */,
				33254E3FF5D445C6A9B2EB4C /* Sms.h */,
				D18DB400F127424188583DA3 /* CDVBarcodeScanner.mm */,
				A9E0E4B9DDCC482A8A5AC642 /* zxing-all-in-one.cpp */,
				3CC8F488BC944B848A87F264 /* zxing-all-in-one.h */,
			);
			name = Plugins;
			path = "MoTooling/Plugins";
			sourceTree = SOURCE_ROOT;
		};
		EB87FDF11871DA420020F90C /* Staging */ = {
			isa = PBXGroup;
			children = (
				F840E1F0165FE0F500CFE078 /* config.xml */,
				301BF56E109A69640062928A /* www */,
			);
			name = Staging;
			sourceTree = "<group>";
		};
/* End PBXGroup section */

/* Begin PBXNativeTarget section */
		1D6058900D05DD3D006BFB54 /* MoTooling */ = {
			isa = PBXNativeTarget;
			buildConfigurationList = 1D6058960D05DD3E006BFB54 /* Build configuration list for PBXNativeTarget "MoTooling" */;
			buildPhases = (
				304B58A110DAC018002A0835 /* Copy www directory */,
				1D60588D0D05DD3D006BFB54 /* Resources */,
				1D60588E0D05DD3D006BFB54 /* Sources */,
				1D60588F0D05DD3D006BFB54 /* Frameworks */,
			);
			buildRules = (
			);
			dependencies = (
				301BF551109A68C00062928A /* PBXTargetDependency */,
			);
			name = "MoTooling";
			productName = "MoTooling";
			productReference = 1D6058910D05DD3D006BFB54 /* MoTooling.app */;
			productType = "com.apple.product-type.application";
		};
/* End PBXNativeTarget section */

/* Begin PBXProject section */
		29B97313FDCFA39411CA2CEA /* Project object */ = {
			isa = PBXProject;
			attributes = {
				LastUpgradeCheck = 510;
			};
			buildConfigurationList = C01FCF4E08A954540054247B /* Build configuration list for PBXProject "__NON-CLI__" */;
			compatibilityVersion = "Xcode 3.2";
			developmentRegion = English;
			hasScannedForEncodings = 1;
			mainGroup = 29B97314FDCFA39411CA2CEA /* CustomTemplate */;
			projectDirPath = "";
			projectReferences = (
				{
					ProductGroup = 301BF52E109A57CC0062928A /* Products */;
					ProjectRef = 301BF52D109A57CC0062928A /* CordovaLib.xcodeproj */;
				},
			);
			projectRoot = "";
			targets = (
				1D6058900D05DD3D006BFB54 /* MoTooling */,
			);
		};
/* End PBXProject section */

/* Begin PBXReferenceProxy section */
		301BF535109A57CC0062928A /* libCordova.a */ = {
			isa = PBXReferenceProxy;
			fileType = archive.ar;
			path = libCordova.a;
			remoteRef = 301BF534109A57CC0062928A /* PBXContainerItemProxy */;
			sourceTree = BUILT_PRODUCTS_DIR;
		};
/* End PBXReferenceProxy section */

/* Begin PBXResourcesBuildPhase section */
		1D60588D0D05DD3D006BFB54 /* Resources */ = {
			isa = PBXResourcesBuildPhase;
			buildActionMask = 2147483647;
			files = (
				302D95F214D2391D003F00A1 /* MainViewController.xib in Resources */,
				0207DA581B56EA530066E2B4 /* Images.xcassets in Resources */,
				6AFF5BF91D6E424B00AB3073 /* CDVLaunchScreen.storyboard in Resources */,
				EE8718ADE19A413999445BAE /* scannerOverlay.xib in Resources */,
				34D5C186ED3648AA940FFC9D /* CDVBarcodeScanner.bundle in Resources */,
			);
			runOnlyForDeploymentPostprocessing = 0;
		};
/* End PBXResourcesBuildPhase section */

/* Begin PBXShellScriptBuildPhase section */
		304B58A110DAC018002A0835 /* Copy www directory */ = {
			isa = PBXShellScriptBuildPhase;
			buildActionMask = 2147483647;
			files = (
			);
			inputPaths = (
			);
			name = "Copy www directory";
			outputPaths = (
			);
			runOnlyForDeploymentPostprocessing = 0;
			shellPath = /bin/sh;
			shellScript = "NODEJS_PATH=/usr/local/bin; NVM_NODE_PATH=~/.nvm/versions/node/`nvm version 2>/dev/null`/bin; N_NODE_PATH=`find /usr/local/n/versions/node/* -maxdepth 0 -type d 2>/dev/null | tail -1`/bin; XCODE_NODE_PATH=`xcode-select --print-path`/usr/share/xcs/Node/bin; PATH=$NODEJS_PATH:$NVM_NODE_PATH:$N_NODE_PATH:$XCODE_NODE_PATH:$PATH && node cordova/lib/copy-www-build-step.js";
			showEnvVarsInLog = 0;
		};
/* End PBXShellScriptBuildPhase section */

/* Begin PBXSourcesBuildPhase section */
		1D60588E0D05DD3D006BFB54 /* Sources */ = {
			isa = PBXSourcesBuildPhase;
			buildActionMask = 2147483647;
			files = (
				1D60589B0D05DD56006BFB54 /* main.m in Sources */,
				1D3623260D0F684500981E51 /* AppDelegate.m in Sources */,
				302D95F114D2391D003F00A1 /* MainViewController.m in Sources */,
				647ECA59C83E412FB73C6832 /* UIImage+CropScaleOrientation.m in Sources */,
				554FA63792DC49CD9B011B8F /* CDVCamera.m in Sources */,
				71F954E84A914A0D8F6D25EA /* CDVJpegHeaderWriter.m in Sources */,
				360E48BFFBF34D04BDEC2F41 /* CDVContacts.m in Sources */,
				3BF8BCD23985458786141E08 /* CDVContact.m in Sources */,
				9A34E874C0184F219F3589B3 /* APPEmailComposer.m in Sources */,
				40F6A960C71F476AB37F62E2 /* APPEmailComposerImpl.m in Sources */,
				76DC236E0C7041D8A0938577 /* CDVFile.m in Sources */,
				72FD91E888F94B7AB66D748A /* CDVLocalFilesystem.m in Sources */,
				DDFD03AC1E274966B1BAD7C6 /* CDVAssetLibraryFilesystem.m in Sources */,
				A127E40456114E569ABC8B1C /* CDVFileTransfer.m in Sources */,
				A3993175571A47AABFF90DD9 /* CDVSplashScreen.m in Sources */,
				E854C8833400423A82A97712 /* CDVViewController+SplashScreen.m in Sources */,
				D91F2225B885416C9860668F /* CDVStatusBar.m in Sources */,
				388A42DC944640D48F0F3271 /* CDVWechat.m in Sources */,
				37832AA8EF724E9FAE728837 /* Sms.m in Sources */,
				AD36F47E9D4E42D2AF9A1264 /* CDVBarcodeScanner.mm in Resources */,
				598BBF00A6FC45408F47BEF7 /* zxing-all-in-one.cpp in Resources */,
			);
			runOnlyForDeploymentPostprocessing = 0;
		};
/* End PBXSourcesBuildPhase section */

/* Begin PBXTargetDependency section */
		301BF551109A68C00062928A /* PBXTargetDependency */ = {
			isa = PBXTargetDependency;
			name = CordovaLib;
			targetProxy = 301BF550109A68C00062928A /* PBXContainerItemProxy */;
		};
/* End PBXTargetDependency section */

/* Begin XCBuildConfiguration section */
		1D6058940D05DD3E006BFB54 /* Debug */ = {
			isa = XCBuildConfiguration;
			baseConfigurationReference = 3047A50F1AB8059700498E2A /* build-debug.xcconfig */;
			buildSettings = {
				ALWAYS_SEARCH_USER_PATHS = NO;
				ASSETCATALOG_COMPILER_APPICON_NAME = AppIcon;
				ASSETCATALOG_COMPILER_LAUNCHIMAGE_NAME = LaunchImage;
				CLANG_ENABLE_MODULES = YES;
				CLANG_ENABLE_OBJC_ARC = YES;
				COPY_PHASE_STRIP = NO;
				GCC_DYNAMIC_NO_PIC = NO;
				GCC_OPTIMIZATION_LEVEL = 0;
				GCC_PRECOMPILE_PREFIX_HEADER = YES;
				GCC_PREFIX_HEADER = "MoTooling/MoTooling-Prefix.pch";
				GCC_THUMB_SUPPORT = NO;
				GCC_VERSION = "";
				INFOPLIST_FILE = "MoTooling/MoTooling-Info.plist";
				IPHONEOS_DEPLOYMENT_TARGET = 9.0;
				LD_RUNPATH_SEARCH_PATHS = "@executable_path/Frameworks";
				TARGETED_DEVICE_FAMILY = "1,2";
				PRODUCT_NAME = "MoTooling";
				LIBRARY_SEARCH_PATHS = (
					"$(inherited)",
					"\"$(SRCROOT)/MoTooling/Plugins/cordova-plugin-wechat\"",
				);
			};
			name = Debug;
		};
		1D6058950D05DD3E006BFB54 /* Release */ = {
			isa = XCBuildConfiguration;
			baseConfigurationReference = 3047A5101AB8059700498E2A /* build-release.xcconfig */;
			buildSettings = {
				ALWAYS_SEARCH_USER_PATHS = NO;
				ASSETCATALOG_COMPILER_APPICON_NAME = AppIcon;
				ASSETCATALOG_COMPILER_LAUNCHIMAGE_NAME = LaunchImage;
				CLANG_ENABLE_MODULES = YES;
				CLANG_ENABLE_OBJC_ARC = YES;
				COPY_PHASE_STRIP = YES;
				GCC_PRECOMPILE_PREFIX_HEADER = YES;
				GCC_PREFIX_HEADER = "MoTooling/MoTooling-Prefix.pch";
				GCC_THUMB_SUPPORT = NO;
				GCC_VERSION = "";
				INFOPLIST_FILE = "MoTooling/MoTooling-Info.plist";
				IPHONEOS_DEPLOYMENT_TARGET = 9.0;
				LD_RUNPATH_SEARCH_PATHS = "@executable_path/Frameworks";
				TARGETED_DEVICE_FAMILY = "1,2";
				PRODUCT_NAME = "MoTooling";
				LIBRARY_SEARCH_PATHS = (
					"$(inherited)",
					"\"$(SRCROOT)/MoTooling/Plugins/cordova-plugin-wechat\"",
				);
			};
			name = Release;
		};
		C01FCF4F08A954540054247B /* Debug */ = {
			isa = XCBuildConfiguration;
			baseConfigurationReference = 3047A5111AB8059700498E2A /* build.xcconfig */;
			buildSettings = {
				CLANG_ENABLE_MODULES = YES;
				CLANG_ENABLE_OBJC_ARC = YES;
				CLANG_WARN_BOOL_CONVERSION = YES;
				CLANG_WARN_CONSTANT_CONVERSION = YES;
				CLANG_WARN_EMPTY_BODY = YES;
				CLANG_WARN_ENUM_CONVERSION = YES;
				CLANG_WARN_INT_CONVERSION = YES;
				CLANG_WARN__DUPLICATE_METHOD_MATCH = YES;
				GCC_C_LANGUAGE_STANDARD = c99;
				GCC_THUMB_SUPPORT = NO;
				GCC_VERSION = "";
				GCC_WARN_ABOUT_RETURN_TYPE = YES;
				GCC_WARN_UNDECLARED_SELECTOR = YES;
				GCC_WARN_UNINITIALIZED_AUTOS = YES;
				GCC_WARN_UNUSED_FUNCTION = YES;
				GCC_WARN_UNUSED_VARIABLE = YES;
				ONLY_ACTIVE_ARCH = YES;
				SDKROOT = iphoneos;
				SKIP_INSTALL = NO;
				ASSETCATALOG_COMPILER_LAUNCHIMAGE_NAME = LaunchImage;
			};
			name = Debug;
		};
		C01FCF5008A954540054247B /* Release */ = {
			isa = XCBuildConfiguration;
			baseConfigurationReference = 3047A5111AB8059700498E2A /* build.xcconfig */;
			buildSettings = {
				CLANG_ENABLE_MODULES = YES;
				CLANG_ENABLE_OBJC_ARC = YES;
				CLANG_WARN_BOOL_CONVERSION = YES;
				CLANG_WARN_CONSTANT_CONVERSION = YES;
				CLANG_WARN_EMPTY_BODY = YES;
				CLANG_WARN_ENUM_CONVERSION = YES;
				CLANG_WARN_INT_CONVERSION = YES;
				CLANG_WARN__DUPLICATE_METHOD_MATCH = YES;
				GCC_C_LANGUAGE_STANDARD = c99;
				GCC_THUMB_SUPPORT = NO;
				GCC_VERSION = "";
				GCC_WARN_ABOUT_RETURN_TYPE = YES;
				GCC_WARN_UNDECLARED_SELECTOR = YES;
				GCC_WARN_UNINITIALIZED_AUTOS = YES;
				GCC_WARN_UNUSED_FUNCTION = YES;
				GCC_WARN_UNUSED_VARIABLE = YES;
				SDKROOT = iphoneos;
				SKIP_INSTALL = NO;
				ASSETCATALOG_COMPILER_LAUNCHIMAGE_NAME = LaunchImage;
			};
			name = Release;
		};
/* End XCBuildConfiguration section */

/* Begin XCConfigurationList section */
		1D6058960D05DD3E006BFB54 /* Build configuration list for PBXNativeTarget "MoTooling" */ = {
			isa = XCConfigurationList;
			buildConfigurations = (
				1D6058940D05DD3E006BFB54 /* Debug */,
				1D6058950D05DD3E006BFB54 /* Release */,
			);
			defaultConfigurationIsVisible = 0;
			defaultConfigurationName = Release;
		};
		C01FCF4E08A954540054247B /* Build configuration list for PBXProject "__NON-CLI__" */ = {
			isa = XCConfigurationList;
			buildConfigurations = (
				C01FCF4F08A954540054247B /* Debug */,
				C01FCF5008A954540054247B /* Release */,
			);
			defaultConfigurationIsVisible = 0;
			defaultConfigurationName = Release;
		};
/* End XCConfigurationList section */
	};
	rootObject = 29B97313FDCFA39411CA2CEA /* Project object */;
}
